// !$*UTF8*$!
{
	archiveVersion = 1;
	classes = {
	};
	objectVersion = 46;
	objects = {

/* Begin PBXBuildFile section */
		EF08C39D1F79FF6F002848CA /* main.cpp in Sources */ = {isa = PBXBuildFile; fileRef = EF08C39C1F79FF6F002848CA /* main.cpp */; };
		EF08C3A81F7A0892002848CA /* main.cpp in Sources */ = {isa = PBXBuildFile; fileRef = EF08C3A71F7A0892002848CA /* main.cpp */; };
		EF08C3B31F7A1E97002848CA /* main.cpp in Sources */ = {isa = PBXBuildFile; fileRef = EF08C3B21F7A1E97002848CA /* main.cpp */; };
		EF08C3BE1F7A2A44002848CA /* main.cpp in Sources */ = {isa = PBXBuildFile; fileRef = EF08C3BD1F7A2A44002848CA /* main.cpp */; };
		EF08C3C91F7A2E1A002848CA /* main.cpp in Sources */ = {isa = PBXBuildFile; fileRef = EF08C3C81F7A2E1A002848CA /* main.cpp */; };
		EF08C3D41F7A4D64002848CA /* main.cpp in Sources */ = {isa = PBXBuildFile; fileRef = EF08C3D31F7A4D64002848CA /* main.cpp */; };
		EF08C3DF1F7A790B002848CA /* main.cpp in Sources */ = {isa = PBXBuildFile; fileRef = EF08C3DE1F7A790B002848CA /* main.cpp */; };
		EF08C3EA1F7B51F9002848CA /* main.cpp in Sources */ = {isa = PBXBuildFile; fileRef = EF08C3E91F7B51F9002848CA /* main.cpp */; };
		EF08C3F51F7B5AFA002848CA /* main.cpp in Sources */ = {isa = PBXBuildFile; fileRef = EF08C3F41F7B5AFA002848CA /* main.cpp */; };
		EF4643F21EC1B68800A492C0 /* main.cpp in Sources */ = {isa = PBXBuildFile; fileRef = EF4643F11EC1B68800A492C0 /* main.cpp */; };
		EF4643FD1F4D43E900A492C0 /* main.cpp in Sources */ = {isa = PBXBuildFile; fileRef = EF4643FC1F4D43E900A492C0 /* main.cpp */; };
		EF4EB8B01F795B570001805E /* main.cpp in Sources */ = {isa = PBXBuildFile; fileRef = EF4EB8AF1F795B570001805E /* main.cpp */; };
		EF4EB8BB1F79FA370001805E /* main.cpp in Sources */ = {isa = PBXBuildFile; fileRef = EF4EB8BA1F79FA370001805E /* main.cpp */; };
		EF9F2EDE1F7D2EEF004C54A5 /* main.cpp in Sources */ = {isa = PBXBuildFile; fileRef = EF9F2EDD1F7D2EEF004C54A5 /* main.cpp */; };
		EF9F2EE91F7DF2F7004C54A5 /* main.cpp in Sources */ = {isa = PBXBuildFile; fileRef = EF9F2EE81F7DF2F7004C54A5 /* main.cpp */; };
		EF9F2EF41F7E68F7004C54A5 /* main.cpp in Sources */ = {isa = PBXBuildFile; fileRef = EF9F2EF31F7E68F7004C54A5 /* main.cpp */; };
		EF9F2EFF1F80CADB004C54A5 /* main.cpp in Sources */ = {isa = PBXBuildFile; fileRef = EF9F2EFE1F80CADB004C54A5 /* main.cpp */; };
		EF9F2F0A1F847572004C54A5 /* main.cpp in Sources */ = {isa = PBXBuildFile; fileRef = EF9F2F091F847572004C54A5 /* main.cpp */; };
		EFA486A01EB7572B00D744B3 /* main.cpp in Sources */ = {isa = PBXBuildFile; fileRef = EFA4869F1EB7572B00D744B3 /* main.cpp */; };
		EFA486AB1EB775FE00D744B3 /* main.cpp in Sources */ = {isa = PBXBuildFile; fileRef = EFA486AA1EB775FE00D744B3 /* main.cpp */; };
		EFA486DF1EBC464A00D744B3 /* main.cpp in Sources */ = {isa = PBXBuildFile; fileRef = EFA486DE1EBC464A00D744B3 /* main.cpp */; };
		EFA486EA1EBC9B8000D744B3 /* main.cpp in Sources */ = {isa = PBXBuildFile; fileRef = EFA486E91EBC9B8000D744B3 /* main.cpp */; };
		EFE2D38E1EB5166E00407470 /* main.cpp in Sources */ = {isa = PBXBuildFile; fileRef = EFE2D38D1EB5166E00407470 /* main.cpp */; };
		EFE2D3991EB5E6BC00407470 /* main.cpp in Sources */ = {isa = PBXBuildFile; fileRef = EFE2D3981EB5E6BC00407470 /* main.cpp */; };
		EFE2D3A41EB60AF900407470 /* main.cpp in Sources */ = {isa = PBXBuildFile; fileRef = EFE2D3A31EB60AF900407470 /* main.cpp */; };
		EFE2D3AF1EB6291C00407470 /* main.cpp in Sources */ = {isa = PBXBuildFile; fileRef = EFE2D3AE1EB6291C00407470 /* main.cpp */; };
		EFE2D3BA1EB634CA00407470 /* main.cpp in Sources */ = {isa = PBXBuildFile; fileRef = EFE2D3B91EB634CA00407470 /* main.cpp */; };
/* End PBXBuildFile section */

/* Begin PBXCopyFilesBuildPhase section */
		EF08C3981F79FF6F002848CA /* CopyFiles */ = {
			isa = PBXCopyFilesBuildPhase;
			buildActionMask = 2147483647;
			dstPath = /usr/share/man/man1/;
			dstSubfolderSpec = 0;
			files = (
			);
			runOnlyForDeploymentPostprocessing = 1;
		};
		EF08C3A31F7A0892002848CA /* CopyFiles */ = {
			isa = PBXCopyFilesBuildPhase;
			buildActionMask = 2147483647;
			dstPath = /usr/share/man/man1/;
			dstSubfolderSpec = 0;
			files = (
			);
			runOnlyForDeploymentPostprocessing = 1;
		};
		EF08C3AE1F7A1E97002848CA /* CopyFiles */ = {
			isa = PBXCopyFilesBuildPhase;
			buildActionMask = 2147483647;
			dstPath = /usr/share/man/man1/;
			dstSubfolderSpec = 0;
			files = (
			);
			runOnlyForDeploymentPostprocessing = 1;
		};
		EF08C3B91F7A2A44002848CA /* CopyFiles */ = {
			isa = PBXCopyFilesBuildPhase;
			buildActionMask = 2147483647;
			dstPath = /usr/share/man/man1/;
			dstSubfolderSpec = 0;
			files = (
			);
			runOnlyForDeploymentPostprocessing = 1;
		};
		EF08C3C41F7A2E1A002848CA /* CopyFiles */ = {
			isa = PBXCopyFilesBuildPhase;
			buildActionMask = 2147483647;
			dstPath = /usr/share/man/man1/;
			dstSubfolderSpec = 0;
			files = (
			);
			runOnlyForDeploymentPostprocessing = 1;
		};
		EF08C3CF1F7A4D64002848CA /* CopyFiles */ = {
			isa = PBXCopyFilesBuildPhase;
			buildActionMask = 2147483647;
			dstPath = /usr/share/man/man1/;
			dstSubfolderSpec = 0;
			files = (
			);
			runOnlyForDeploymentPostprocessing = 1;
		};
		EF08C3DA1F7A790B002848CA /* CopyFiles */ = {
			isa = PBXCopyFilesBuildPhase;
			buildActionMask = 2147483647;
			dstPath = /usr/share/man/man1/;
			dstSubfolderSpec = 0;
			files = (
			);
			runOnlyForDeploymentPostprocessing = 1;
		};
		EF08C3E51F7B51F9002848CA /* CopyFiles */ = {
			isa = PBXCopyFilesBuildPhase;
			buildActionMask = 2147483647;
			dstPath = /usr/share/man/man1/;
			dstSubfolderSpec = 0;
			files = (
			);
			runOnlyForDeploymentPostprocessing = 1;
		};
		EF08C3F01F7B5AFA002848CA /* CopyFiles */ = {
			isa = PBXCopyFilesBuildPhase;
			buildActionMask = 2147483647;
			dstPath = /usr/share/man/man1/;
			dstSubfolderSpec = 0;
			files = (
			);
			runOnlyForDeploymentPostprocessing = 1;
		};
		EF4643ED1EC1B68800A492C0 /* CopyFiles */ = {
			isa = PBXCopyFilesBuildPhase;
			buildActionMask = 2147483647;
			dstPath = /usr/share/man/man1/;
			dstSubfolderSpec = 0;
			files = (
			);
			runOnlyForDeploymentPostprocessing = 1;
		};
		EF4643F81F4D43E900A492C0 /* CopyFiles */ = {
			isa = PBXCopyFilesBuildPhase;
			buildActionMask = 2147483647;
			dstPath = /usr/share/man/man1/;
			dstSubfolderSpec = 0;
			files = (
			);
			runOnlyForDeploymentPostprocessing = 1;
		};
		EF4EB8AB1F795B570001805E /* CopyFiles */ = {
			isa = PBXCopyFilesBuildPhase;
			buildActionMask = 2147483647;
			dstPath = /usr/share/man/man1/;
			dstSubfolderSpec = 0;
			files = (
			);
			runOnlyForDeploymentPostprocessing = 1;
		};
		EF4EB8B61F79FA370001805E /* CopyFiles */ = {
			isa = PBXCopyFilesBuildPhase;
			buildActionMask = 2147483647;
			dstPath = /usr/share/man/man1/;
			dstSubfolderSpec = 0;
			files = (
			);
			runOnlyForDeploymentPostprocessing = 1;
		};
		EF9F2ED91F7D2EEF004C54A5 /* CopyFiles */ = {
			isa = PBXCopyFilesBuildPhase;
			buildActionMask = 2147483647;
			dstPath = /usr/share/man/man1/;
			dstSubfolderSpec = 0;
			files = (
			);
			runOnlyForDeploymentPostprocessing = 1;
		};
		EF9F2EE41F7DF2F7004C54A5 /* CopyFiles */ = {
			isa = PBXCopyFilesBuildPhase;
			buildActionMask = 2147483647;
			dstPath = /usr/share/man/man1/;
			dstSubfolderSpec = 0;
			files = (
			);
			runOnlyForDeploymentPostprocessing = 1;
		};
		EF9F2EEF1F7E68F7004C54A5 /* CopyFiles */ = {
			isa = PBXCopyFilesBuildPhase;
			buildActionMask = 2147483647;
			dstPath = /usr/share/man/man1/;
			dstSubfolderSpec = 0;
			files = (
			);
			runOnlyForDeploymentPostprocessing = 1;
		};
		EF9F2EFA1F80CADB004C54A5 /* CopyFiles */ = {
			isa = PBXCopyFilesBuildPhase;
			buildActionMask = 2147483647;
			dstPath = /usr/share/man/man1/;
			dstSubfolderSpec = 0;
			files = (
			);
			runOnlyForDeploymentPostprocessing = 1;
		};
		EF9F2F051F847572004C54A5 /* CopyFiles */ = {
			isa = PBXCopyFilesBuildPhase;
			buildActionMask = 2147483647;
			dstPath = /usr/share/man/man1/;
			dstSubfolderSpec = 0;
			files = (
			);
			runOnlyForDeploymentPostprocessing = 1;
		};
		EFA4869B1EB7572B00D744B3 /* CopyFiles */ = {
			isa = PBXCopyFilesBuildPhase;
			buildActionMask = 2147483647;
			dstPath = /usr/share/man/man1/;
			dstSubfolderSpec = 0;
			files = (
			);
			runOnlyForDeploymentPostprocessing = 1;
		};
		EFA486A61EB775FE00D744B3 /* CopyFiles */ = {
			isa = PBXCopyFilesBuildPhase;
			buildActionMask = 2147483647;
			dstPath = /usr/share/man/man1/;
			dstSubfolderSpec = 0;
			files = (
			);
			runOnlyForDeploymentPostprocessing = 1;
		};
		EFA486DA1EBC464900D744B3 /* CopyFiles */ = {
			isa = PBXCopyFilesBuildPhase;
			buildActionMask = 2147483647;
			dstPath = /usr/share/man/man1/;
			dstSubfolderSpec = 0;
			files = (
			);
			runOnlyForDeploymentPostprocessing = 1;
		};
		EFA486E51EBC9B8000D744B3 /* CopyFiles */ = {
			isa = PBXCopyFilesBuildPhase;
			buildActionMask = 2147483647;
			dstPath = /usr/share/man/man1/;
			dstSubfolderSpec = 0;
			files = (
			);
			runOnlyForDeploymentPostprocessing = 1;
		};
		EFE2D3891EB5166E00407470 /* CopyFiles */ = {
			isa = PBXCopyFilesBuildPhase;
			buildActionMask = 2147483647;
			dstPath = /usr/share/man/man1/;
			dstSubfolderSpec = 0;
			files = (
			);
			runOnlyForDeploymentPostprocessing = 1;
		};
		EFE2D3941EB5E6BC00407470 /* CopyFiles */ = {
			isa = PBXCopyFilesBuildPhase;
			buildActionMask = 2147483647;
			dstPath = /usr/share/man/man1/;
			dstSubfolderSpec = 0;
			files = (
			);
			runOnlyForDeploymentPostprocessing = 1;
		};
		EFE2D39F1EB60AF900407470 /* CopyFiles */ = {
			isa = PBXCopyFilesBuildPhase;
			buildActionMask = 2147483647;
			dstPath = /usr/share/man/man1/;
			dstSubfolderSpec = 0;
			files = (
			);
			runOnlyForDeploymentPostprocessing = 1;
		};
		EFE2D3AA1EB6291C00407470 /* CopyFiles */ = {
			isa = PBXCopyFilesBuildPhase;
			buildActionMask = 2147483647;
			dstPath = /usr/share/man/man1/;
			dstSubfolderSpec = 0;
			files = (
			);
			runOnlyForDeploymentPostprocessing = 1;
		};
		EFE2D3B51EB634CA00407470 /* CopyFiles */ = {
			isa = PBXCopyFilesBuildPhase;
			buildActionMask = 2147483647;
			dstPath = /usr/share/man/man1/;
			dstSubfolderSpec = 0;
			files = (
			);
			runOnlyForDeploymentPostprocessing = 1;
		};
/* End PBXCopyFilesBuildPhase section */

/* Begin PBXFileReference section */
		EF08C39A1F79FF6F002848CA /* Distance1 */ = {isa = PBXFileReference; explicitFileType = "compiled.mach-o.executable"; includeInIndex = 0; path = Distance1; sourceTree = BUILT_PRODUCTS_DIR; };
		EF08C39C1F79FF6F002848CA /* main.cpp */ = {isa = PBXFileReference; lastKnownFileType = sourcecode.cpp.cpp; path = main.cpp; sourceTree = "<group>"; };
		EF08C3A51F7A0892002848CA /* Distance2 */ = {isa = PBXFileReference; explicitFileType = "compiled.mach-o.executable"; includeInIndex = 0; path = Distance2; sourceTree = BUILT_PRODUCTS_DIR; };
		EF08C3A71F7A0892002848CA /* main.cpp */ = {isa = PBXFileReference; lastKnownFileType = sourcecode.cpp.cpp; path = main.cpp; sourceTree = "<group>"; };
		EF08C3B01F7A1E97002848CA /* Distance3 */ = {isa = PBXFileReference; explicitFileType = "compiled.mach-o.executable"; includeInIndex = 0; path = Distance3; sourceTree = BUILT_PRODUCTS_DIR; };
		EF08C3B21F7A1E97002848CA /* main.cpp */ = {isa = PBXFileReference; lastKnownFileType = sourcecode.cpp.cpp; path = main.cpp; sourceTree = "<group>"; };
		EF08C3BB1F7A2A44002848CA /* Ctor1 */ = {isa = PBXFileReference; explicitFileType = "compiled.mach-o.executable"; includeInIndex = 0; path = Ctor1; sourceTree = BUILT_PRODUCTS_DIR; };
		EF08C3BD1F7A2A44002848CA /* main.cpp */ = {isa = PBXFileReference; lastKnownFileType = sourcecode.cpp.cpp; path = main.cpp; sourceTree = "<group>"; };
		EF08C3C61F7A2E1A002848CA /* Ctor2 */ = {isa = PBXFileReference; explicitFileType = "compiled.mach-o.executable"; includeInIndex = 0; path = Ctor2; sourceTree = BUILT_PRODUCTS_DIR; };
		EF08C3C81F7A2E1A002848CA /* main.cpp */ = {isa = PBXFileReference; lastKnownFileType = sourcecode.cpp.cpp; path = main.cpp; sourceTree = "<group>"; };
		EF08C3D11F7A4D64002848CA /* Dtor1 */ = {isa = PBXFileReference; explicitFileType = "compiled.mach-o.executable"; includeInIndex = 0; path = Dtor1; sourceTree = BUILT_PRODUCTS_DIR; };
		EF08C3D31F7A4D64002848CA /* main.cpp */ = {isa = PBXFileReference; lastKnownFileType = sourcecode.cpp.cpp; path = main.cpp; sourceTree = "<group>"; };
		EF08C3DC1F7A790B002848CA /* ObjAsFuncArg1 */ = {isa = PBXFileReference; explicitFileType = "compiled.mach-o.executable"; includeInIndex = 0; path = ObjAsFuncArg1; sourceTree = BUILT_PRODUCTS_DIR; };
		EF08C3DE1F7A790B002848CA /* main.cpp */ = {isa = PBXFileReference; lastKnownFileType = sourcecode.cpp.cpp; path = main.cpp; sourceTree = "<group>"; };
		EF08C3E71F7B51F9002848CA /* DefCopyCtor */ = {isa = PBXFileReference; explicitFileType = "compiled.mach-o.executable"; includeInIndex = 0; path = DefCopyCtor; sourceTree = BUILT_PRODUCTS_DIR; };
		EF08C3E91F7B51F9002848CA /* main.cpp */ = {isa = PBXFileReference; lastKnownFileType = sourcecode.cpp.cpp; path = main.cpp; sourceTree = "<group>"; };
		EF08C3F21F7B5AFA002848CA /* ReturnObj */ = {isa = PBXFileReference; explicitFileType = "compiled.mach-o.executable"; includeInIndex = 0; path = ReturnObj; sourceTree = BUILT_PRODUCTS_DIR; };
		EF08C3F41F7B5AFA002848CA /* main.cpp */ = {isa = PBXFileReference; lastKnownFileType = sourcecode.cpp.cpp; path = main.cpp; sourceTree = "<group>"; };
		EF4643EF1EC1B68800A492C0 /* SignedUnsigned */ = {isa = PBXFileReference; explicitFileType = "compiled.mach-o.executable"; includeInIndex = 0; path = SignedUnsigned; sourceTree = BUILT_PRODUCTS_DIR; };
		EF4643F11EC1B68800A492C0 /* main.cpp */ = {isa = PBXFileReference; lastKnownFileType = sourcecode.cpp.cpp; path = main.cpp; sourceTree = "<group>"; };
		EF4643FA1F4D43E900A492C0 /* StaticCast */ = {isa = PBXFileReference; explicitFileType = "compiled.mach-o.executable"; includeInIndex = 0; path = StaticCast; sourceTree = BUILT_PRODUCTS_DIR; };
		EF4643FC1F4D43E900A492C0 /* main.cpp */ = {isa = PBXFileReference; lastKnownFileType = sourcecode.cpp.cpp; path = main.cpp; sourceTree = "<group>"; };
		EF4EB8AD1F795B570001805E /* SimpleClass1 */ = {isa = PBXFileReference; explicitFileType = "compiled.mach-o.executable"; includeInIndex = 0; path = SimpleClass1; sourceTree = BUILT_PRODUCTS_DIR; };
		EF4EB8AF1F795B570001805E /* main.cpp */ = {isa = PBXFileReference; lastKnownFileType = sourcecode.cpp.cpp; path = main.cpp; sourceTree = "<group>"; };
		EF4EB8B81F79FA370001805E /* Circles */ = {isa = PBXFileReference; explicitFileType = "compiled.mach-o.executable"; includeInIndex = 0; path = Circles; sourceTree = BUILT_PRODUCTS_DIR; };
		EF4EB8BA1F79FA370001805E /* main.cpp */ = {isa = PBXFileReference; lastKnownFileType = sourcecode.cpp.cpp; path = main.cpp; sourceTree = "<group>"; };
		EF9F2EDB1F7D2EEF004C54A5 /* StaticData1 */ = {isa = PBXFileReference; explicitFileType = "compiled.mach-o.executable"; includeInIndex = 0; path = StaticData1; sourceTree = BUILT_PRODUCTS_DIR; };
		EF9F2EDD1F7D2EEF004C54A5 /* main.cpp */ = {isa = PBXFileReference; lastKnownFileType = sourcecode.cpp.cpp; path = main.cpp; sourceTree = "<group>"; };
		EF9F2EE61F7DF2F7004C54A5 /* ConstMemberFunc */ = {isa = PBXFileReference; explicitFileType = "compiled.mach-o.executable"; includeInIndex = 0; path = ConstMemberFunc; sourceTree = BUILT_PRODUCTS_DIR; };
		EF9F2EE81F7DF2F7004C54A5 /* main.cpp */ = {isa = PBXFileReference; lastKnownFileType = sourcecode.cpp.cpp; path = main.cpp; sourceTree = "<group>"; };
		EF9F2EF11F7E68F7004C54A5 /* Reference1 */ = {isa = PBXFileReference; explicitFileType = "compiled.mach-o.executable"; includeInIndex = 0; path = Reference1; sourceTree = BUILT_PRODUCTS_DIR; };
		EF9F2EF31F7E68F7004C54A5 /* main.cpp */ = {isa = PBXFileReference; lastKnownFileType = sourcecode.cpp.cpp; path = main.cpp; sourceTree = "<group>"; };
		EF9F2EFC1F80CADB004C54A5 /* ConstObj */ = {isa = PBXFileReference; explicitFileType = "compiled.mach-o.executable"; includeInIndex = 0; path = ConstObj; sourceTree = BUILT_PRODUCTS_DIR; };
		EF9F2EFE1F80CADB004C54A5 /* main.cpp */ = {isa = PBXFileReference; lastKnownFileType = sourcecode.cpp.cpp; path = main.cpp; sourceTree = "<group>"; };
		EF9F2F071F847572004C54A5 /* Structure1 */ = {isa = PBXFileReference; explicitFileType = "compiled.mach-o.executable"; includeInIndex = 0; path = Structure1; sourceTree = BUILT_PRODUCTS_DIR; };
		EF9F2F091F847572004C54A5 /* main.cpp */ = {isa = PBXFileReference; lastKnownFileType = sourcecode.cpp.cpp; path = main.cpp; sourceTree = "<group>"; };
		EFA4869D1EB7572B00D744B3 /* ParserMix */ = {isa = PBXFileReference; explicitFileType = "compiled.mach-o.executable"; includeInIndex = 0; path = ParserMix; sourceTree = BUILT_PRODUCTS_DIR; };
		EFA4869F1EB7572B00D744B3 /* main.cpp */ = {isa = PBXFileReference; lastKnownFileType = sourcecode.cpp.cpp; path = main.cpp; sourceTree = "<group>"; };
		EFA486A81EB775FE00D744B3 /* Parser */ = {isa = PBXFileReference; explicitFileType = "compiled.mach-o.executable"; includeInIndex = 0; path = Parser; sourceTree = BUILT_PRODUCTS_DIR; };
		EFA486AA1EB775FE00D744B3 /* main.cpp */ = {isa = PBXFileReference; lastKnownFileType = sourcecode.cpp.cpp; path = main.cpp; sourceTree = "<group>"; };
		EFA486DC1EBC464900D744B3 /* ParserStack */ = {isa = PBXFileReference; explicitFileType = "compiled.mach-o.executable"; includeInIndex = 0; path = ParserStack; sourceTree = BUILT_PRODUCTS_DIR; };
		EFA486DE1EBC464A00D744B3 /* main.cpp */ = {isa = PBXFileReference; lastKnownFileType = sourcecode.cpp.cpp; path = main.cpp; sourceTree = "<group>"; };
		EFA486E71EBC9B8000D744B3 /* Stack */ = {isa = PBXFileReference; explicitFileType = "compiled.mach-o.executable"; includeInIndex = 0; path = Stack; sourceTree = BUILT_PRODUCTS_DIR; };
		EFA486E91EBC9B8000D744B3 /* main.cpp */ = {isa = PBXFileReference; lastKnownFileType = sourcecode.cpp.cpp; path = main.cpp; sourceTree = "<group>"; };
		EFE2D38B1EB5166E00407470 /* Linked List */ = {isa = PBXFileReference; explicitFileType = "compiled.mach-o.executable"; includeInIndex = 0; path = "Linked List"; sourceTree = BUILT_PRODUCTS_DIR; };
		EFE2D38D1EB5166E00407470 /* main.cpp */ = {isa = PBXFileReference; lastKnownFileType = sourcecode.cpp.cpp; path = main.cpp; sourceTree = "<group>"; };
		EFE2D3961EB5E6BC00407470 /* HorseRace */ = {isa = PBXFileReference; explicitFileType = "compiled.mach-o.executable"; includeInIndex = 0; path = HorseRace; sourceTree = BUILT_PRODUCTS_DIR; };
		EFE2D3981EB5E6BC00407470 /* main.cpp */ = {isa = PBXFileReference; lastKnownFileType = sourcecode.cpp.cpp; path = main.cpp; sourceTree = "<group>"; };
		EFE2D3A11EB60AF900407470 /* PersonSort */ = {isa = PBXFileReference; explicitFileType = "compiled.mach-o.executable"; includeInIndex = 0; path = PersonSort; sourceTree = BUILT_PRODUCTS_DIR; };
		EFE2D3A31EB60AF900407470 /* main.cpp */ = {isa = PBXFileReference; lastKnownFileType = sourcecode.cpp.cpp; path = main.cpp; sourceTree = "<group>"; };
		EFE2D3AC1EB6291C00407470 /* PointerToPointer */ = {isa = PBXFileReference; explicitFileType = "compiled.mach-o.executable"; includeInIndex = 0; path = PointerToPointer; sourceTree = BUILT_PRODUCTS_DIR; };
		EFE2D3AE1EB6291C00407470 /* main.cpp */ = {isa = PBXFileReference; lastKnownFileType = sourcecode.cpp.cpp; path = main.cpp; sourceTree = "<group>"; };
		EFE2D3B71EB634CA00407470 /* NickGenerator */ = {isa = PBXFileReference; explicitFileType = "compiled.mach-o.executable"; includeInIndex = 0; path = NickGenerator; sourceTree = BUILT_PRODUCTS_DIR; };
		EFE2D3B91EB634CA00407470 /* main.cpp */ = {isa = PBXFileReference; lastKnownFileType = sourcecode.cpp.cpp; path = main.cpp; sourceTree = "<group>"; };
/* End PBXFileReference section */

/* Begin PBXFrameworksBuildPhase section */
		EF08C3971F79FF6F002848CA /* Frameworks */ = {
			isa = PBXFrameworksBuildPhase;
			buildActionMask = 2147483647;
			files = (
			);
			runOnlyForDeploymentPostprocessing = 0;
		};
		EF08C3A21F7A0892002848CA /* Frameworks */ = {
			isa = PBXFrameworksBuildPhase;
			buildActionMask = 2147483647;
			files = (
			);
			runOnlyForDeploymentPostprocessing = 0;
		};
		EF08C3AD1F7A1E97002848CA /* Frameworks */ = {
			isa = PBXFrameworksBuildPhase;
			buildActionMask = 2147483647;
			files = (
			);
			runOnlyForDeploymentPostprocessing = 0;
		};
		EF08C3B81F7A2A44002848CA /* Frameworks */ = {
			isa = PBXFrameworksBuildPhase;
			buildActionMask = 2147483647;
			files = (
			);
			runOnlyForDeploymentPostprocessing = 0;
		};
		EF08C3C31F7A2E1A002848CA /* Frameworks */ = {
			isa = PBXFrameworksBuildPhase;
			buildActionMask = 2147483647;
			files = (
			);
			runOnlyForDeploymentPostprocessing = 0;
		};
		EF08C3CE1F7A4D64002848CA /* Frameworks */ = {
			isa = PBXFrameworksBuildPhase;
			buildActionMask = 2147483647;
			files = (
			);
			runOnlyForDeploymentPostprocessing = 0;
		};
		EF08C3D91F7A790B002848CA /* Frameworks */ = {
			isa = PBXFrameworksBuildPhase;
			buildActionMask = 2147483647;
			files = (
			);
			runOnlyForDeploymentPostprocessing = 0;
		};
		EF08C3E41F7B51F9002848CA /* Frameworks */ = {
			isa = PBXFrameworksBuildPhase;
			buildActionMask = 2147483647;
			files = (
			);
			runOnlyForDeploymentPostprocessing = 0;
		};
		EF08C3EF1F7B5AFA002848CA /* Frameworks */ = {
			isa = PBXFrameworksBuildPhase;
			buildActionMask = 2147483647;
			files = (
			);
			runOnlyForDeploymentPostprocessing = 0;
		};
		EF4643EC1EC1B68800A492C0 /* Frameworks */ = {
			isa = PBXFrameworksBuildPhase;
			buildActionMask = 2147483647;
			files = (
			);
			runOnlyForDeploymentPostprocessing = 0;
		};
		EF4643F71F4D43E900A492C0 /* Frameworks */ = {
			isa = PBXFrameworksBuildPhase;
			buildActionMask = 2147483647;
			files = (
			);
			runOnlyForDeploymentPostprocessing = 0;
		};
		EF4EB8AA1F795B570001805E /* Frameworks */ = {
			isa = PBXFrameworksBuildPhase;
			buildActionMask = 2147483647;
			files = (
			);
			runOnlyForDeploymentPostprocessing = 0;
		};
		EF4EB8B51F79FA370001805E /* Frameworks */ = {
			isa = PBXFrameworksBuildPhase;
			buildActionMask = 2147483647;
			files = (
			);
			runOnlyForDeploymentPostprocessing = 0;
		};
		EF9F2ED81F7D2EEF004C54A5 /* Frameworks */ = {
			isa = PBXFrameworksBuildPhase;
			buildActionMask = 2147483647;
			files = (
			);
			runOnlyForDeploymentPostprocessing = 0;
		};
		EF9F2EE31F7DF2F7004C54A5 /* Frameworks */ = {
			isa = PBXFrameworksBuildPhase;
			buildActionMask = 2147483647;
			files = (
			);
			runOnlyForDeploymentPostprocessing = 0;
		};
		EF9F2EEE1F7E68F7004C54A5 /* Frameworks */ = {
			isa = PBXFrameworksBuildPhase;
			buildActionMask = 2147483647;
			files = (
			);
			runOnlyForDeploymentPostprocessing = 0;
		};
		EF9F2EF91F80CADB004C54A5 /* Frameworks */ = {
			isa = PBXFrameworksBuildPhase;
			buildActionMask = 2147483647;
			files = (
			);
			runOnlyForDeploymentPostprocessing = 0;
		};
		EF9F2F041F847572004C54A5 /* Frameworks */ = {
			isa = PBXFrameworksBuildPhase;
			buildActionMask = 2147483647;
			files = (
			);
			runOnlyForDeploymentPostprocessing = 0;
		};
		EFA4869A1EB7572B00D744B3 /* Frameworks */ = {
			isa = PBXFrameworksBuildPhase;
			buildActionMask = 2147483647;
			files = (
			);
			runOnlyForDeploymentPostprocessing = 0;
		};
		EFA486A51EB775FE00D744B3 /* Frameworks */ = {
			isa = PBXFrameworksBuildPhase;
			buildActionMask = 2147483647;
			files = (
			);
			runOnlyForDeploymentPostprocessing = 0;
		};
		EFA486D91EBC464900D744B3 /* Frameworks */ = {
			isa = PBXFrameworksBuildPhase;
			buildActionMask = 2147483647;
			files = (
			);
			runOnlyForDeploymentPostprocessing = 0;
		};
		EFA486E41EBC9B8000D744B3 /* Frameworks */ = {
			isa = PBXFrameworksBuildPhase;
			buildActionMask = 2147483647;
			files = (
			);
			runOnlyForDeploymentPostprocessing = 0;
		};
		EFE2D3881EB5166E00407470 /* Frameworks */ = {
			isa = PBXFrameworksBuildPhase;
			buildActionMask = 2147483647;
			files = (
			);
			runOnlyForDeploymentPostprocessing = 0;
		};
		EFE2D3931EB5E6BC00407470 /* Frameworks */ = {
			isa = PBXFrameworksBuildPhase;
			buildActionMask = 2147483647;
			files = (
			);
			runOnlyForDeploymentPostprocessing = 0;
		};
		EFE2D39E1EB60AF900407470 /* Frameworks */ = {
			isa = PBXFrameworksBuildPhase;
			buildActionMask = 2147483647;
			files = (
			);
			runOnlyForDeploymentPostprocessing = 0;
		};
		EFE2D3A91EB6291C00407470 /* Frameworks */ = {
			isa = PBXFrameworksBuildPhase;
			buildActionMask = 2147483647;
			files = (
			);
			runOnlyForDeploymentPostprocessing = 0;
		};
		EFE2D3B41EB634CA00407470 /* Frameworks */ = {
			isa = PBXFrameworksBuildPhase;
			buildActionMask = 2147483647;
			files = (
			);
			runOnlyForDeploymentPostprocessing = 0;
		};
/* End PBXFrameworksBuildPhase section */

/* Begin PBXGroup section */
		EF08C39B1F79FF6F002848CA /* Distance1 */ = {
			isa = PBXGroup;
			children = (
				EF08C39C1F79FF6F002848CA /* main.cpp */,
			);
			path = Distance1;
			sourceTree = "<group>";
		};
		EF08C3A61F7A0892002848CA /* Distance2 */ = {
			isa = PBXGroup;
			children = (
				EF08C3A71F7A0892002848CA /* main.cpp */,
			);
			path = Distance2;
			sourceTree = "<group>";
		};
		EF08C3B11F7A1E97002848CA /* Distance3 */ = {
			isa = PBXGroup;
			children = (
				EF08C3B21F7A1E97002848CA /* main.cpp */,
			);
			path = Distance3;
			sourceTree = "<group>";
		};
		EF08C3BC1F7A2A44002848CA /* Ctor1 */ = {
			isa = PBXGroup;
			children = (
				EF08C3BD1F7A2A44002848CA /* main.cpp */,
			);
			path = Ctor1;
			sourceTree = "<group>";
		};
		EF08C3C71F7A2E1A002848CA /* Ctor2 */ = {
			isa = PBXGroup;
			children = (
				EF08C3C81F7A2E1A002848CA /* main.cpp */,
			);
			name = Ctor2;
			path = ctor2;
			sourceTree = "<group>";
		};
		EF08C3D21F7A4D64002848CA /* Dtor1 */ = {
			isa = PBXGroup;
			children = (
				EF08C3D31F7A4D64002848CA /* main.cpp */,
			);
			path = Dtor1;
			sourceTree = "<group>";
		};
		EF08C3DD1F7A790B002848CA /* ObjAsFuncArg1 */ = {
			isa = PBXGroup;
			children = (
				EF08C3DE1F7A790B002848CA /* main.cpp */,
			);
			path = ObjAsFuncArg1;
			sourceTree = "<group>";
		};
		EF08C3E81F7B51F9002848CA /* DefCopyCtor */ = {
			isa = PBXGroup;
			children = (
				EF08C3E91F7B51F9002848CA /* main.cpp */,
			);
			path = DefCopyCtor;
			sourceTree = "<group>";
		};
		EF08C3F31F7B5AFA002848CA /* ReturnObj */ = {
			isa = PBXGroup;
			children = (
				EF08C3F41F7B5AFA002848CA /* main.cpp */,
			);
			path = ReturnObj;
			sourceTree = "<group>";
		};
		EF4643F01EC1B68800A492C0 /* SignedUnsigned */ = {
			isa = PBXGroup;
			children = (
				EF4643F11EC1B68800A492C0 /* main.cpp */,
			);
			path = SignedUnsigned;
			sourceTree = "<group>";
		};
		EF4643FB1F4D43E900A492C0 /* StaticCast */ = {
			isa = PBXGroup;
			children = (
				EF4643FC1F4D43E900A492C0 /* main.cpp */,
			);
			path = StaticCast;
			sourceTree = "<group>";
		};
		EF4EB8AE1F795B570001805E /* SimpleClass1 */ = {
			isa = PBXGroup;
			children = (
				EF4EB8AF1F795B570001805E /* main.cpp */,
			);
			path = SimpleClass1;
			sourceTree = "<group>";
		};
		EF4EB8B91F79FA370001805E /* Circles */ = {
			isa = PBXGroup;
			children = (
				EF4EB8BA1F79FA370001805E /* main.cpp */,
			);
			name = Circles;
			path = circles;
			sourceTree = "<group>";
		};
		EF9F2EDC1F7D2EEF004C54A5 /* StaticData1 */ = {
			isa = PBXGroup;
			children = (
				EF9F2EDD1F7D2EEF004C54A5 /* main.cpp */,
			);
			path = StaticData1;
			sourceTree = "<group>";
		};
		EF9F2EE71F7DF2F7004C54A5 /* ConstMemberFunc */ = {
			isa = PBXGroup;
			children = (
				EF9F2EE81F7DF2F7004C54A5 /* main.cpp */,
			);
			path = ConstMemberFunc;
			sourceTree = "<group>";
		};
		EF9F2EF21F7E68F7004C54A5 /* Reference1 */ = {
			isa = PBXGroup;
			children = (
				EF9F2EF31F7E68F7004C54A5 /* main.cpp */,
			);
			path = Reference1;
			sourceTree = "<group>";
		};
		EF9F2EFD1F80CADB004C54A5 /* ConstObj */ = {
			isa = PBXGroup;
			children = (
				EF9F2EFE1F80CADB004C54A5 /* main.cpp */,
			);
			path = ConstObj;
			sourceTree = "<group>";
		};
		EF9F2F081F847572004C54A5 /* Structure1 */ = {
			isa = PBXGroup;
			children = (
				EF9F2F091F847572004C54A5 /* main.cpp */,
			);
			path = Structure1;
			sourceTree = "<group>";
		};
		EFA4869E1EB7572B00D744B3 /* ParserMix */ = {
			isa = PBXGroup;
			children = (
				EFA4869F1EB7572B00D744B3 /* main.cpp */,
			);
			path = ParserMix;
			sourceTree = "<group>";
		};
		EFA486A91EB775FE00D744B3 /* Parser */ = {
			isa = PBXGroup;
			children = (
				EFA486AA1EB775FE00D744B3 /* main.cpp */,
			);
			path = Parser;
			sourceTree = "<group>";
		};
		EFA486DD1EBC464A00D744B3 /* ParserStack */ = {
			isa = PBXGroup;
			children = (
				EFA486DE1EBC464A00D744B3 /* main.cpp */,
			);
			path = ParserStack;
			sourceTree = "<group>";
		};
		EFA486E81EBC9B8000D744B3 /* Stack */ = {
			isa = PBXGroup;
			children = (
				EFA486E91EBC9B8000D744B3 /* main.cpp */,
			);
			path = Stack;
			sourceTree = "<group>";
		};
		EFE2D3741EB515EB00407470 = {
			isa = PBXGroup;
			children = (
				EFE2D38C1EB5166E00407470 /* Linked List */,
				EFE2D3971EB5E6BC00407470 /* HorseRace */,
				EFE2D3A21EB60AF900407470 /* PersonSort */,
				EFE2D3AD1EB6291C00407470 /* PointerToPointer */,
				EFE2D3B81EB634CA00407470 /* NickGenerator */,
				EFA4869E1EB7572B00D744B3 /* ParserMix */,
				EFA486A91EB775FE00D744B3 /* Parser */,
				EFA486DD1EBC464A00D744B3 /* ParserStack */,
				EFA486E81EBC9B8000D744B3 /* Stack */,
				EF4643F01EC1B68800A492C0 /* SignedUnsigned */,
				EF4643FB1F4D43E900A492C0 /* StaticCast */,
				EF4EB8AE1F795B570001805E /* SimpleClass1 */,
				EF4EB8B91F79FA370001805E /* Circles */,
				EF08C39B1F79FF6F002848CA /* Distance1 */,
				EF08C3A61F7A0892002848CA /* Distance2 */,
				EF08C3B11F7A1E97002848CA /* Distance3 */,
				EF08C3BC1F7A2A44002848CA /* Ctor1 */,
				EF08C3C71F7A2E1A002848CA /* Ctor2 */,
				EF08C3D21F7A4D64002848CA /* Dtor1 */,
				EF08C3DD1F7A790B002848CA /* ObjAsFuncArg1 */,
				EF08C3E81F7B51F9002848CA /* DefCopyCtor */,
				EF08C3F31F7B5AFA002848CA /* ReturnObj */,
				EF9F2EDC1F7D2EEF004C54A5 /* StaticData1 */,
				EF9F2EE71F7DF2F7004C54A5 /* ConstMemberFunc */,
				EF9F2EF21F7E68F7004C54A5 /* Reference1 */,
				EF9F2EFD1F80CADB004C54A5 /* ConstObj */,
				EF9F2F081F847572004C54A5 /* Structure1 */,
				EFE2D37E1EB515EB00407470 /* Products */,
			);
			sourceTree = "<group>";
		};
		EFE2D37E1EB515EB00407470 /* Products */ = {
			isa = PBXGroup;
			children = (
				EFE2D38B1EB5166E00407470 /* Linked List */,
				EFE2D3961EB5E6BC00407470 /* HorseRace */,
				EFE2D3A11EB60AF900407470 /* PersonSort */,
				EFE2D3AC1EB6291C00407470 /* PointerToPointer */,
				EFE2D3B71EB634CA00407470 /* NickGenerator */,
				EFA4869D1EB7572B00D744B3 /* ParserMix */,
				EFA486A81EB775FE00D744B3 /* Parser */,
				EFA486DC1EBC464900D744B3 /* ParserStack */,
				EFA486E71EBC9B8000D744B3 /* Stack */,
				EF4643EF1EC1B68800A492C0 /* SignedUnsigned */,
				EF4643FA1F4D43E900A492C0 /* StaticCast */,
				EF4EB8AD1F795B570001805E /* SimpleClass1 */,
				EF4EB8B81F79FA370001805E /* Circles */,
				EF08C39A1F79FF6F002848CA /* Distance1 */,
				EF08C3A51F7A0892002848CA /* Distance2 */,
				EF08C3B01F7A1E97002848CA /* Distance3 */,
				EF08C3BB1F7A2A44002848CA /* Ctor1 */,
				EF08C3C61F7A2E1A002848CA /* Ctor2 */,
				EF08C3D11F7A4D64002848CA /* Dtor1 */,
				EF08C3DC1F7A790B002848CA /* ObjAsFuncArg1 */,
				EF08C3E71F7B51F9002848CA /* DefCopyCtor */,
				EF08C3F21F7B5AFA002848CA /* ReturnObj */,
				EF9F2EDB1F7D2EEF004C54A5 /* StaticData1 */,
				EF9F2EE61F7DF2F7004C54A5 /* ConstMemberFunc */,
				EF9F2EF11F7E68F7004C54A5 /* Reference1 */,
				EF9F2EFC1F80CADB004C54A5 /* ConstObj */,
				EF9F2F071F847572004C54A5 /* Structure1 */,
			);
			name = Products;
			sourceTree = "<group>";
		};
		EFE2D38C1EB5166E00407470 /* Linked List */ = {
			isa = PBXGroup;
			children = (
				EFE2D38D1EB5166E00407470 /* main.cpp */,
			);
			path = "Linked List";
			sourceTree = "<group>";
		};
		EFE2D3971EB5E6BC00407470 /* HorseRace */ = {
			isa = PBXGroup;
			children = (
				EFE2D3981EB5E6BC00407470 /* main.cpp */,
			);
			path = HorseRace;
			sourceTree = "<group>";
		};
		EFE2D3A21EB60AF900407470 /* PersonSort */ = {
			isa = PBXGroup;
			children = (
				EFE2D3A31EB60AF900407470 /* main.cpp */,
			);
			path = PersonSort;
			sourceTree = "<group>";
		};
		EFE2D3AD1EB6291C00407470 /* PointerToPointer */ = {
			isa = PBXGroup;
			children = (
				EFE2D3AE1EB6291C00407470 /* main.cpp */,
			);
			path = PointerToPointer;
			sourceTree = "<group>";
		};
		EFE2D3B81EB634CA00407470 /* NickGenerator */ = {
			isa = PBXGroup;
			children = (
				EFE2D3B91EB634CA00407470 /* main.cpp */,
			);
			path = NickGenerator;
			sourceTree = "<group>";
		};
/* End PBXGroup section */

/* Begin PBXNativeTarget section */
		EF08C3991F79FF6F002848CA /* Distance1 */ = {
			isa = PBXNativeTarget;
			buildConfigurationList = EF08C3A01F79FF6F002848CA /* Build configuration list for PBXNativeTarget "Distance1" */;
			buildPhases = (
				EF08C3961F79FF6F002848CA /* Sources */,
				EF08C3971F79FF6F002848CA /* Frameworks */,
				EF08C3981F79FF6F002848CA /* CopyFiles */,
			);
			buildRules = (
			);
			dependencies = (
			);
			name = Distance1;
			productName = Distance1;
			productReference = EF08C39A1F79FF6F002848CA /* Distance1 */;
			productType = "com.apple.product-type.tool";
		};
		EF08C3A41F7A0892002848CA /* Distance2 */ = {
			isa = PBXNativeTarget;
			buildConfigurationList = EF08C3A91F7A0892002848CA /* Build configuration list for PBXNativeTarget "Distance2" */;
			buildPhases = (
				EF08C3A11F7A0892002848CA /* Sources */,
				EF08C3A21F7A0892002848CA /* Frameworks */,
				EF08C3A31F7A0892002848CA /* CopyFiles */,
			);
			buildRules = (
			);
			dependencies = (
			);
			name = Distance2;
			productName = Distance2;
			productReference = EF08C3A51F7A0892002848CA /* Distance2 */;
			productType = "com.apple.product-type.tool";
		};
		EF08C3AF1F7A1E97002848CA /* Distance3 */ = {
			isa = PBXNativeTarget;
			buildConfigurationList = EF08C3B41F7A1E97002848CA /* Build configuration list for PBXNativeTarget "Distance3" */;
			buildPhases = (
				EF08C3AC1F7A1E97002848CA /* Sources */,
				EF08C3AD1F7A1E97002848CA /* Frameworks */,
				EF08C3AE1F7A1E97002848CA /* CopyFiles */,
			);
			buildRules = (
			);
			dependencies = (
			);
			name = Distance3;
			productName = Distance3;
			productReference = EF08C3B01F7A1E97002848CA /* Distance3 */;
			productType = "com.apple.product-type.tool";
		};
		EF08C3BA1F7A2A44002848CA /* Ctor1 */ = {
			isa = PBXNativeTarget;
			buildConfigurationList = EF08C3BF1F7A2A44002848CA /* Build configuration list for PBXNativeTarget "Ctor1" */;
			buildPhases = (
				EF08C3B71F7A2A44002848CA /* Sources */,
				EF08C3B81F7A2A44002848CA /* Frameworks */,
				EF08C3B91F7A2A44002848CA /* CopyFiles */,
			);
			buildRules = (
			);
			dependencies = (
			);
			name = Ctor1;
			productName = Ctor1;
			productReference = EF08C3BB1F7A2A44002848CA /* Ctor1 */;
			productType = "com.apple.product-type.tool";
		};
		EF08C3C51F7A2E1A002848CA /* Ctor2 */ = {
			isa = PBXNativeTarget;
			buildConfigurationList = EF08C3CA1F7A2E1A002848CA /* Build configuration list for PBXNativeTarget "Ctor2" */;
			buildPhases = (
				EF08C3C21F7A2E1A002848CA /* Sources */,
				EF08C3C31F7A2E1A002848CA /* Frameworks */,
				EF08C3C41F7A2E1A002848CA /* CopyFiles */,
			);
			buildRules = (
			);
			dependencies = (
			);
			name = Ctor2;
			productName = ctor2;
			productReference = EF08C3C61F7A2E1A002848CA /* Ctor2 */;
			productType = "com.apple.product-type.tool";
		};
		EF08C3D01F7A4D64002848CA /* Dtor1 */ = {
			isa = PBXNativeTarget;
			buildConfigurationList = EF08C3D51F7A4D64002848CA /* Build configuration list for PBXNativeTarget "Dtor1" */;
			buildPhases = (
				EF08C3CD1F7A4D64002848CA /* Sources */,
				EF08C3CE1F7A4D64002848CA /* Frameworks */,
				EF08C3CF1F7A4D64002848CA /* CopyFiles */,
			);
			buildRules = (
			);
			dependencies = (
			);
			name = Dtor1;
			productName = Dtor1;
			productReference = EF08C3D11F7A4D64002848CA /* Dtor1 */;
			productType = "com.apple.product-type.tool";
		};
		EF08C3DB1F7A790B002848CA /* ObjAsFuncArg1 */ = {
			isa = PBXNativeTarget;
			buildConfigurationList = EF08C3E01F7A790B002848CA /* Build configuration list for PBXNativeTarget "ObjAsFuncArg1" */;
			buildPhases = (
				EF08C3D81F7A790B002848CA /* Sources */,
				EF08C3D91F7A790B002848CA /* Frameworks */,
				EF08C3DA1F7A790B002848CA /* CopyFiles */,
			);
			buildRules = (
			);
			dependencies = (
			);
			name = ObjAsFuncArg1;
			productName = ObjAsFuncArg1;
			productReference = EF08C3DC1F7A790B002848CA /* ObjAsFuncArg1 */;
			productType = "com.apple.product-type.tool";
		};
		EF08C3E61F7B51F9002848CA /* DefCopyCtor */ = {
			isa = PBXNativeTarget;
			buildConfigurationList = EF08C3EB1F7B51F9002848CA /* Build configuration list for PBXNativeTarget "DefCopyCtor" */;
			buildPhases = (
				EF08C3E31F7B51F9002848CA /* Sources */,
				EF08C3E41F7B51F9002848CA /* Frameworks */,
				EF08C3E51F7B51F9002848CA /* CopyFiles */,
			);
			buildRules = (
			);
			dependencies = (
			);
			name = DefCopyCtor;
			productName = DefCopyCtor;
			productReference = EF08C3E71F7B51F9002848CA /* DefCopyCtor */;
			productType = "com.apple.product-type.tool";
		};
		EF08C3F11F7B5AFA002848CA /* ReturnObj */ = {
			isa = PBXNativeTarget;
			buildConfigurationList = EF08C3F61F7B5AFA002848CA /* Build configuration list for PBXNativeTarget "ReturnObj" */;
			buildPhases = (
				EF08C3EE1F7B5AFA002848CA /* Sources */,
				EF08C3EF1F7B5AFA002848CA /* Frameworks */,
				EF08C3F01F7B5AFA002848CA /* CopyFiles */,
			);
			buildRules = (
			);
			dependencies = (
			);
			name = ReturnObj;
			productName = ReturnObj;
			productReference = EF08C3F21F7B5AFA002848CA /* ReturnObj */;
			productType = "com.apple.product-type.tool";
		};
		EF4643EE1EC1B68800A492C0 /* SignedUnsigned */ = {
			isa = PBXNativeTarget;
			buildConfigurationList = EF4643F31EC1B68800A492C0 /* Build configuration list for PBXNativeTarget "SignedUnsigned" */;
			buildPhases = (
				EF4643EB1EC1B68800A492C0 /* Sources */,
				EF4643EC1EC1B68800A492C0 /* Frameworks */,
				EF4643ED1EC1B68800A492C0 /* CopyFiles */,
			);
			buildRules = (
			);
			dependencies = (
			);
			name = SignedUnsigned;
			productName = SignedUnsigned;
			productReference = EF4643EF1EC1B68800A492C0 /* SignedUnsigned */;
			productType = "com.apple.product-type.tool";
		};
		EF4643F91F4D43E900A492C0 /* StaticCast */ = {
			isa = PBXNativeTarget;
			buildConfigurationList = EF4644001F4D43E900A492C0 /* Build configuration list for PBXNativeTarget "StaticCast" */;
			buildPhases = (
				EF4643F61F4D43E900A492C0 /* Sources */,
				EF4643F71F4D43E900A492C0 /* Frameworks */,
				EF4643F81F4D43E900A492C0 /* CopyFiles */,
			);
			buildRules = (
			);
			dependencies = (
			);
			name = StaticCast;
			productName = StaticCast;
			productReference = EF4643FA1F4D43E900A492C0 /* StaticCast */;
			productType = "com.apple.product-type.tool";
		};
		EF4EB8AC1F795B570001805E /* SimpleClass1 */ = {
			isa = PBXNativeTarget;
			buildConfigurationList = EF4EB8B11F795B570001805E /* Build configuration list for PBXNativeTarget "SimpleClass1" */;
			buildPhases = (
				EF4EB8A91F795B570001805E /* Sources */,
				EF4EB8AA1F795B570001805E /* Frameworks */,
				EF4EB8AB1F795B570001805E /* CopyFiles */,
			);
			buildRules = (
			);
			dependencies = (
			);
			name = SimpleClass1;
			productName = SimpleClass1;
			productReference = EF4EB8AD1F795B570001805E /* SimpleClass1 */;
			productType = "com.apple.product-type.tool";
		};
		EF4EB8B71F79FA370001805E /* Circles */ = {
			isa = PBXNativeTarget;
			buildConfigurationList = EF4EB8BC1F79FA370001805E /* Build configuration list for PBXNativeTarget "Circles" */;
			buildPhases = (
				EF4EB8B41F79FA370001805E /* Sources */,
				EF4EB8B51F79FA370001805E /* Frameworks */,
				EF4EB8B61F79FA370001805E /* CopyFiles */,
			);
			buildRules = (
			);
			dependencies = (
			);
			name = Circles;
			productName = circles;
			productReference = EF4EB8B81F79FA370001805E /* Circles */;
			productType = "com.apple.product-type.tool";
		};
		EF9F2EDA1F7D2EEF004C54A5 /* StaticData1 */ = {
			isa = PBXNativeTarget;
			buildConfigurationList = EF9F2EDF1F7D2EEF004C54A5 /* Build configuration list for PBXNativeTarget "StaticData1" */;
			buildPhases = (
				EF9F2ED71F7D2EEF004C54A5 /* Sources */,
				EF9F2ED81F7D2EEF004C54A5 /* Frameworks */,
				EF9F2ED91F7D2EEF004C54A5 /* CopyFiles */,
			);
			buildRules = (
			);
			dependencies = (
			);
			name = StaticData1;
			productName = StaticData1;
			productReference = EF9F2EDB1F7D2EEF004C54A5 /* StaticData1 */;
			productType = "com.apple.product-type.tool";
		};
		EF9F2EE51F7DF2F7004C54A5 /* ConstMemberFunc */ = {
			isa = PBXNativeTarget;
			buildConfigurationList = EF9F2EEA1F7DF2F7004C54A5 /* Build configuration list for PBXNativeTarget "ConstMemberFunc" */;
			buildPhases = (
				EF9F2EE21F7DF2F7004C54A5 /* Sources */,
				EF9F2EE31F7DF2F7004C54A5 /* Frameworks */,
				EF9F2EE41F7DF2F7004C54A5 /* CopyFiles */,
			);
			buildRules = (
			);
			dependencies = (
			);
			name = ConstMemberFunc;
			productName = ConstMemberFunc;
			productReference = EF9F2EE61F7DF2F7004C54A5 /* ConstMemberFunc */;
			productType = "com.apple.product-type.tool";
		};
		EF9F2EF01F7E68F7004C54A5 /* Reference1 */ = {
			isa = PBXNativeTarget;
			buildConfigurationList = EF9F2EF51F7E68F7004C54A5 /* Build configuration list for PBXNativeTarget "Reference1" */;
			buildPhases = (
				EF9F2EED1F7E68F7004C54A5 /* Sources */,
				EF9F2EEE1F7E68F7004C54A5 /* Frameworks */,
				EF9F2EEF1F7E68F7004C54A5 /* CopyFiles */,
			);
			buildRules = (
			);
			dependencies = (
			);
			name = Reference1;
			productName = Reference1;
			productReference = EF9F2EF11F7E68F7004C54A5 /* Reference1 */;
			productType = "com.apple.product-type.tool";
		};
		EF9F2EFB1F80CADB004C54A5 /* ConstObj */ = {
			isa = PBXNativeTarget;
			buildConfigurationList = EF9F2F001F80CADB004C54A5 /* Build configuration list for PBXNativeTarget "ConstObj" */;
			buildPhases = (
				EF9F2EF81F80CADB004C54A5 /* Sources */,
				EF9F2EF91F80CADB004C54A5 /* Frameworks */,
				EF9F2EFA1F80CADB004C54A5 /* CopyFiles */,
			);
			buildRules = (
			);
			dependencies = (
			);
			name = ConstObj;
			productName = ConstObj;
			productReference = EF9F2EFC1F80CADB004C54A5 /* ConstObj */;
			productType = "com.apple.product-type.tool";
		};
		EF9F2F061F847572004C54A5 /* Structure1 */ = {
			isa = PBXNativeTarget;
			buildConfigurationList = EF9F2F0B1F847572004C54A5 /* Build configuration list for PBXNativeTarget "Structure1" */;
			buildPhases = (
				EF9F2F031F847572004C54A5 /* Sources */,
				EF9F2F041F847572004C54A5 /* Frameworks */,
				EF9F2F051F847572004C54A5 /* CopyFiles */,
			);
			buildRules = (
			);
			dependencies = (
			);
			name = Structure1;
			productName = Structure1;
			productReference = EF9F2F071F847572004C54A5 /* Structure1 */;
			productType = "com.apple.product-type.tool";
		};
		EFA4869C1EB7572B00D744B3 /* ParserMix */ = {
			isa = PBXNativeTarget;
			buildConfigurationList = EFA486A31EB7572B00D744B3 /* Build configuration list for PBXNativeTarget "ParserMix" */;
			buildPhases = (
				EFA486991EB7572B00D744B3 /* Sources */,
				EFA4869A1EB7572B00D744B3 /* Frameworks */,
				EFA4869B1EB7572B00D744B3 /* CopyFiles */,
			);
			buildRules = (
			);
			dependencies = (
			);
			name = ParserMix;
			productName = ParserMix;
			productReference = EFA4869D1EB7572B00D744B3 /* ParserMix */;
			productType = "com.apple.product-type.tool";
		};
		EFA486A71EB775FE00D744B3 /* Parser */ = {
			isa = PBXNativeTarget;
			buildConfigurationList = EFA486AC1EB775FE00D744B3 /* Build configuration list for PBXNativeTarget "Parser" */;
			buildPhases = (
				EFA486A41EB775FE00D744B3 /* Sources */,
				EFA486A51EB775FE00D744B3 /* Frameworks */,
				EFA486A61EB775FE00D744B3 /* CopyFiles */,
			);
			buildRules = (
			);
			dependencies = (
			);
			name = Parser;
			productName = Parser;
			productReference = EFA486A81EB775FE00D744B3 /* Parser */;
			productType = "com.apple.product-type.tool";
		};
		EFA486DB1EBC464900D744B3 /* ParserStack */ = {
			isa = PBXNativeTarget;
			buildConfigurationList = EFA486E01EBC464A00D744B3 /* Build configuration list for PBXNativeTarget "ParserStack" */;
			buildPhases = (
				EFA486D81EBC464900D744B3 /* Sources */,
				EFA486D91EBC464900D744B3 /* Frameworks */,
				EFA486DA1EBC464900D744B3 /* CopyFiles */,
			);
			buildRules = (
			);
			dependencies = (
			);
			name = ParserStack;
			productName = ParserStack;
			productReference = EFA486DC1EBC464900D744B3 /* ParserStack */;
			productType = "com.apple.product-type.tool";
		};
		EFA486E61EBC9B8000D744B3 /* Stack */ = {
			isa = PBXNativeTarget;
			buildConfigurationList = EFA486EB1EBC9B8000D744B3 /* Build configuration list for PBXNativeTarget "Stack" */;
			buildPhases = (
				EFA486E31EBC9B8000D744B3 /* Sources */,
				EFA486E41EBC9B8000D744B3 /* Frameworks */,
				EFA486E51EBC9B8000D744B3 /* CopyFiles */,
			);
			buildRules = (
			);
			dependencies = (
			);
			name = Stack;
			productName = Stack;
			productReference = EFA486E71EBC9B8000D744B3 /* Stack */;
			productType = "com.apple.product-type.tool";
		};
		EFE2D38A1EB5166E00407470 /* Linked List */ = {
			isa = PBXNativeTarget;
			buildConfigurationList = EFE2D38F1EB5166E00407470 /* Build configuration list for PBXNativeTarget "Linked List" */;
			buildPhases = (
				EFE2D3871EB5166E00407470 /* Sources */,
				EFE2D3881EB5166E00407470 /* Frameworks */,
				EFE2D3891EB5166E00407470 /* CopyFiles */,
			);
			buildRules = (
			);
			dependencies = (
			);
			name = "Linked List";
			productName = "Linked List";
			productReference = EFE2D38B1EB5166E00407470 /* Linked List */;
			productType = "com.apple.product-type.tool";
		};
		EFE2D3951EB5E6BC00407470 /* HorseRace */ = {
			isa = PBXNativeTarget;
			buildConfigurationList = EFE2D39A1EB5E6BC00407470 /* Build configuration list for PBXNativeTarget "HorseRace" */;
			buildPhases = (
				EFE2D3921EB5E6BC00407470 /* Sources */,
				EFE2D3931EB5E6BC00407470 /* Frameworks */,
				EFE2D3941EB5E6BC00407470 /* CopyFiles */,
			);
			buildRules = (
			);
			dependencies = (
			);
			name = HorseRace;
			productName = HorseRace;
			productReference = EFE2D3961EB5E6BC00407470 /* HorseRace */;
			productType = "com.apple.product-type.tool";
		};
		EFE2D3A01EB60AF900407470 /* PersonSort */ = {
			isa = PBXNativeTarget;
			buildConfigurationList = EFE2D3A51EB60AF900407470 /* Build configuration list for PBXNativeTarget "PersonSort" */;
			buildPhases = (
				EFE2D39D1EB60AF900407470 /* Sources */,
				EFE2D39E1EB60AF900407470 /* Frameworks */,
				EFE2D39F1EB60AF900407470 /* CopyFiles */,
			);
			buildRules = (
			);
			dependencies = (
			);
			name = PersonSort;
			productName = PersonSort;
			productReference = EFE2D3A11EB60AF900407470 /* PersonSort */;
			productType = "com.apple.product-type.tool";
		};
		EFE2D3AB1EB6291C00407470 /* PointerToPointer */ = {
			isa = PBXNativeTarget;
			buildConfigurationList = EFE2D3B01EB6291C00407470 /* Build configuration list for PBXNativeTarget "PointerToPointer" */;
			buildPhases = (
				EFE2D3A81EB6291C00407470 /* Sources */,
				EFE2D3A91EB6291C00407470 /* Frameworks */,
				EFE2D3AA1EB6291C00407470 /* CopyFiles */,
			);
			buildRules = (
			);
			dependencies = (
			);
			name = PointerToPointer;
			productName = PointerToPointer;
			productReference = EFE2D3AC1EB6291C00407470 /* PointerToPointer */;
			productType = "com.apple.product-type.tool";
		};
		EFE2D3B61EB634CA00407470 /* NickGenerator */ = {
			isa = PBXNativeTarget;
			buildConfigurationList = EFE2D3BB1EB634CA00407470 /* Build configuration list for PBXNativeTarget "NickGenerator" */;
			buildPhases = (
				EFE2D3B31EB634CA00407470 /* Sources */,
				EFE2D3B41EB634CA00407470 /* Frameworks */,
				EFE2D3B51EB634CA00407470 /* CopyFiles */,
			);
			buildRules = (
			);
			dependencies = (
			);
			name = NickGenerator;
			productName = NickGenerator;
			productReference = EFE2D3B71EB634CA00407470 /* NickGenerator */;
			productType = "com.apple.product-type.tool";
		};
/* End PBXNativeTarget section */

/* Begin PBXProject section */
		EFE2D3751EB515EB00407470 /* Project object */ = {
			isa = PBXProject;
			attributes = {
				LastUpgradeCheck = 0730;
				ORGANIZATIONNAME = Self;
				TargetAttributes = {
					EF08C3991F79FF6F002848CA = {
						CreatedOnToolsVersion = 7.3;
					};
					EF08C3A41F7A0892002848CA = {
						CreatedOnToolsVersion = 7.3;
					};
					EF08C3AF1F7A1E97002848CA = {
						CreatedOnToolsVersion = 7.3;
					};
					EF08C3BA1F7A2A44002848CA = {
						CreatedOnToolsVersion = 7.3;
					};
					EF08C3C51F7A2E1A002848CA = {
						CreatedOnToolsVersion = 7.3;
					};
					EF08C3D01F7A4D64002848CA = {
						CreatedOnToolsVersion = 7.3;
					};
					EF08C3DB1F7A790B002848CA = {
						CreatedOnToolsVersion = 7.3;
					};
					EF08C3E61F7B51F9002848CA = {
						CreatedOnToolsVersion = 7.3;
					};
					EF08C3F11F7B5AFA002848CA = {
						CreatedOnToolsVersion = 7.3;
					};
					EF4643EE1EC1B68800A492C0 = {
						CreatedOnToolsVersion = 7.3;
					};
					EF4643F91F4D43E900A492C0 = {
						CreatedOnToolsVersion = 7.3;
					};
					EF4EB8AC1F795B570001805E = {
						CreatedOnToolsVersion = 7.3;
					};
					EF4EB8B71F79FA370001805E = {
						CreatedOnToolsVersion = 7.3;
					};
					EF9F2EDA1F7D2EEF004C54A5 = {
						CreatedOnToolsVersion = 7.3;
					};
					EF9F2EE51F7DF2F7004C54A5 = {
						CreatedOnToolsVersion = 7.3;
					};
					EF9F2EF01F7E68F7004C54A5 = {
						CreatedOnToolsVersion = 7.3;
					};
					EF9F2EFB1F80CADB004C54A5 = {
						CreatedOnToolsVersion = 7.3;
					};
					EF9F2F061F847572004C54A5 = {
						CreatedOnToolsVersion = 7.3;
					};
					EFA4869C1EB7572B00D744B3 = {
						CreatedOnToolsVersion = 7.3;
					};
					EFA486A71EB775FE00D744B3 = {
						CreatedOnToolsVersion = 7.3;
					};
					EFA486DB1EBC464900D744B3 = {
						CreatedOnToolsVersion = 7.3;
					};
					EFA486E61EBC9B8000D744B3 = {
						CreatedOnToolsVersion = 7.3;
					};
					EFE2D38A1EB5166E00407470 = {
						CreatedOnToolsVersion = 7.3;
					};
					EFE2D3951EB5E6BC00407470 = {
						CreatedOnToolsVersion = 7.3;
					};
					EFE2D3A01EB60AF900407470 = {
						CreatedOnToolsVersion = 7.3;
					};
					EFE2D3AB1EB6291C00407470 = {
						CreatedOnToolsVersion = 7.3;
					};
					EFE2D3B61EB634CA00407470 = {
						CreatedOnToolsVersion = 7.3;
					};
				};
			};
			buildConfigurationList = EFE2D3781EB515EB00407470 /* Build configuration list for PBXProject "MasterC++" */;
			compatibilityVersion = "Xcode 3.2";
			developmentRegion = English;
			hasScannedForEncodings = 0;
			knownRegions = (
				en,
			);
			mainGroup = EFE2D3741EB515EB00407470;
			productRefGroup = EFE2D37E1EB515EB00407470 /* Products */;
			projectDirPath = "";
			projectRoot = "";
			targets = (
				EFE2D38A1EB5166E00407470 /* Linked List */,
				EFE2D3951EB5E6BC00407470 /* HorseRace */,
				EFE2D3A01EB60AF900407470 /* PersonSort */,
				EFE2D3AB1EB6291C00407470 /* PointerToPointer */,
				EFE2D3B61EB634CA00407470 /* NickGenerator */,
				EFA4869C1EB7572B00D744B3 /* ParserMix */,
				EFA486A71EB775FE00D744B3 /* Parser */,
				EFA486DB1EBC464900D744B3 /* ParserStack */,
				EFA486E61EBC9B8000D744B3 /* Stack */,
				EF4643EE1EC1B68800A492C0 /* SignedUnsigned */,
				EF4643F91F4D43E900A492C0 /* StaticCast */,
				EF4EB8AC1F795B570001805E /* SimpleClass1 */,
				EF4EB8B71F79FA370001805E /* Circles */,
				EF08C3991F79FF6F002848CA /* Distance1 */,
				EF08C3A41F7A0892002848CA /* Distance2 */,
				EF08C3AF1F7A1E97002848CA /* Distance3 */,
				EF08C3BA1F7A2A44002848CA /* Ctor1 */,
				EF08C3C51F7A2E1A002848CA /* Ctor2 */,
				EF08C3D01F7A4D64002848CA /* Dtor1 */,
				EF08C3DB1F7A790B002848CA /* ObjAsFuncArg1 */,
				EF08C3E61F7B51F9002848CA /* DefCopyCtor */,
				EF08C3F11F7B5AFA002848CA /* ReturnObj */,
				EF9F2EDA1F7D2EEF004C54A5 /* StaticData1 */,
				EF9F2EE51F7DF2F7004C54A5 /* ConstMemberFunc */,
				EF9F2EF01F7E68F7004C54A5 /* Reference1 */,
				EF9F2EFB1F80CADB004C54A5 /* ConstObj */,
				EF9F2F061F847572004C54A5 /* Structure1 */,
			);
		};
/* End PBXProject section */

/* Begin PBXSourcesBuildPhase section */
		EF08C3961F79FF6F002848CA /* Sources */ = {
			isa = PBXSourcesBuildPhase;
			buildActionMask = 2147483647;
			files = (
				EF08C39D1F79FF6F002848CA /* main.cpp in Sources */,
			);
			runOnlyForDeploymentPostprocessing = 0;
		};
		EF08C3A11F7A0892002848CA /* Sources */ = {
			isa = PBXSourcesBuildPhase;
			buildActionMask = 2147483647;
			files = (
				EF08C3A81F7A0892002848CA /* main.cpp in Sources */,
			);
			runOnlyForDeploymentPostprocessing = 0;
		};
		EF08C3AC1F7A1E97002848CA /* Sources */ = {
			isa = PBXSourcesBuildPhase;
			buildActionMask = 2147483647;
			files = (
				EF08C3B31F7A1E97002848CA /* main.cpp in Sources */,
			);
			runOnlyForDeploymentPostprocessing = 0;
		};
		EF08C3B71F7A2A44002848CA /* Sources */ = {
			isa = PBXSourcesBuildPhase;
			buildActionMask = 2147483647;
			files = (
				EF08C3BE1F7A2A44002848CA /* main.cpp in Sources */,
			);
			runOnlyForDeploymentPostprocessing = 0;
		};
		EF08C3C21F7A2E1A002848CA /* Sources */ = {
			isa = PBXSourcesBuildPhase;
			buildActionMask = 2147483647;
			files = (
				EF08C3C91F7A2E1A002848CA /* main.cpp in Sources */,
			);
			runOnlyForDeploymentPostprocessing = 0;
		};
		EF08C3CD1F7A4D64002848CA /* Sources */ = {
			isa = PBXSourcesBuildPhase;
			buildActionMask = 2147483647;
			files = (
				EF08C3D41F7A4D64002848CA /* main.cpp in Sources */,
			);
			runOnlyForDeploymentPostprocessing = 0;
		};
		EF08C3D81F7A790B002848CA /* Sources */ = {
			isa = PBXSourcesBuildPhase;
			buildActionMask = 2147483647;
			files = (
				EF08C3DF1F7A790B002848CA /* main.cpp in Sources */,
			);
			runOnlyForDeploymentPostprocessing = 0;
		};
		EF08C3E31F7B51F9002848CA /* Sources */ = {
			isa = PBXSourcesBuildPhase;
			buildActionMask = 2147483647;
			files = (
				EF08C3EA1F7B51F9002848CA /* main.cpp in Sources */,
			);
			runOnlyForDeploymentPostprocessing = 0;
		};
		EF08C3EE1F7B5AFA002848CA /* Sources */ = {
			isa = PBXSourcesBuildPhase;
			buildActionMask = 2147483647;
			files = (
				EF08C3F51F7B5AFA002848CA /* main.cpp in Sources */,
			);
			runOnlyForDeploymentPostprocessing = 0;
		};
		EF4643EB1EC1B68800A492C0 /* Sources */ = {
			isa = PBXSourcesBuildPhase;
			buildActionMask = 2147483647;
			files = (
				EF4643F21EC1B68800A492C0 /* main.cpp in Sources */,
			);
			runOnlyForDeploymentPostprocessing = 0;
		};
		EF4643F61F4D43E900A492C0 /* Sources */ = {
			isa = PBXSourcesBuildPhase;
			buildActionMask = 2147483647;
			files = (
				EF4643FD1F4D43E900A492C0 /* main.cpp in Sources */,
			);
			runOnlyForDeploymentPostprocessing = 0;
		};
		EF4EB8A91F795B570001805E /* Sources */ = {
			isa = PBXSourcesBuildPhase;
			buildActionMask = 2147483647;
			files = (
				EF4EB8B01F795B570001805E /* main.cpp in Sources */,
			);
			runOnlyForDeploymentPostprocessing = 0;
		};
		EF4EB8B41F79FA370001805E /* Sources */ = {
			isa = PBXSourcesBuildPhase;
			buildActionMask = 2147483647;
			files = (
				EF4EB8BB1F79FA370001805E /* main.cpp in Sources */,
			);
			runOnlyForDeploymentPostprocessing = 0;
		};
		EF9F2ED71F7D2EEF004C54A5 /* Sources */ = {
			isa = PBXSourcesBuildPhase;
			buildActionMask = 2147483647;
			files = (
				EF9F2EDE1F7D2EEF004C54A5 /* main.cpp in Sources */,
			);
			runOnlyForDeploymentPostprocessing = 0;
		};
		EF9F2EE21F7DF2F7004C54A5 /* Sources */ = {
			isa = PBXSourcesBuildPhase;
			buildActionMask = 2147483647;
			files = (
				EF9F2EE91F7DF2F7004C54A5 /* main.cpp in Sources */,
			);
			runOnlyForDeploymentPostprocessing = 0;
		};
		EF9F2EED1F7E68F7004C54A5 /* Sources */ = {
			isa = PBXSourcesBuildPhase;
			buildActionMask = 2147483647;
			files = (
				EF9F2EF41F7E68F7004C54A5 /* main.cpp in Sources */,
			);
			runOnlyForDeploymentPostprocessing = 0;
		};
		EF9F2EF81F80CADB004C54A5 /* Sources */ = {
			isa = PBXSourcesBuildPhase;
			buildActionMask = 2147483647;
			files = (
				EF9F2EFF1F80CADB004C54A5 /* main.cpp in Sources */,
			);
			runOnlyForDeploymentPostprocessing = 0;
		};
		EF9F2F031F847572004C54A5 /* Sources */ = {
			isa = PBXSourcesBuildPhase;
			buildActionMask = 2147483647;
			files = (
				EF9F2F0A1F847572004C54A5 /* main.cpp in Sources */,
			);
			runOnlyForDeploymentPostprocessing = 0;
		};
		EFA486991EB7572B00D744B3 /* Sources */ = {
			isa = PBXSourcesBuildPhase;
			buildActionMask = 2147483647;
			files = (
				EFA486A01EB7572B00D744B3 /* main.cpp in Sources */,
			);
			runOnlyForDeploymentPostprocessing = 0;
		};
		EFA486A41EB775FE00D744B3 /* Sources */ = {
			isa = PBXSourcesBuildPhase;
			buildActionMask = 2147483647;
			files = (
				EFA486AB1EB775FE00D744B3 /* main.cpp in Sources */,
			);
			runOnlyForDeploymentPostprocessing = 0;
		};
		EFA486D81EBC464900D744B3 /* Sources */ = {
			isa = PBXSourcesBuildPhase;
			buildActionMask = 2147483647;
			files = (
				EFA486DF1EBC464A00D744B3 /* main.cpp in Sources */,
			);
			runOnlyForDeploymentPostprocessing = 0;
		};
		EFA486E31EBC9B8000D744B3 /* Sources */ = {
			isa = PBXSourcesBuildPhase;
			buildActionMask = 2147483647;
			files = (
				EFA486EA1EBC9B8000D744B3 /* main.cpp in Sources */,
			);
			runOnlyForDeploymentPostprocessing = 0;
		};
		EFE2D3871EB5166E00407470 /* Sources */ = {
			isa = PBXSourcesBuildPhase;
			buildActionMask = 2147483647;
			files = (
				EFE2D38E1EB5166E00407470 /* main.cpp in Sources */,
			);
			runOnlyForDeploymentPostprocessing = 0;
		};
		EFE2D3921EB5E6BC00407470 /* Sources */ = {
			isa = PBXSourcesBuildPhase;
			buildActionMask = 2147483647;
			files = (
				EFE2D3991EB5E6BC00407470 /* main.cpp in Sources */,
			);
			runOnlyForDeploymentPostprocessing = 0;
		};
		EFE2D39D1EB60AF900407470 /* Sources */ = {
			isa = PBXSourcesBuildPhase;
			buildActionMask = 2147483647;
			files = (
				EFE2D3A41EB60AF900407470 /* main.cpp in Sources */,
			);
			runOnlyForDeploymentPostprocessing = 0;
		};
		EFE2D3A81EB6291C00407470 /* Sources */ = {
			isa = PBXSourcesBuildPhase;
			buildActionMask = 2147483647;
			files = (
				EFE2D3AF1EB6291C00407470 /* main.cpp in Sources */,
			);
			runOnlyForDeploymentPostprocessing = 0;
		};
		EFE2D3B31EB634CA00407470 /* Sources */ = {
			isa = PBXSourcesBuildPhase;
			buildActionMask = 2147483647;
			files = (
				EFE2D3BA1EB634CA00407470 /* main.cpp in Sources */,
			);
			runOnlyForDeploymentPostprocessing = 0;
		};
/* End PBXSourcesBuildPhase section */

/* Begin XCBuildConfiguration section */
		EF08C39E1F79FF6F002848CA /* Debug */ = {
			isa = XCBuildConfiguration;
			buildSettings = {
				CLANG_WARN_BOOL_CONVERSION = YES;
				CLANG_WARN_CONSTANT_CONVERSION = YES;
				CLANG_WARN_ENUM_CONVERSION = YES;
				CLANG_WARN_INT_CONVERSION = YES;
				GCC_WARN_64_TO_32_BIT_CONVERSION = YES;
				PRODUCT_NAME = "$(TARGET_NAME)";
			};
			name = Debug;
		};
		EF08C39F1F79FF6F002848CA /* Release */ = {
			isa = XCBuildConfiguration;
			buildSettings = {
				CLANG_WARN_BOOL_CONVERSION = YES;
				CLANG_WARN_CONSTANT_CONVERSION = YES;
				CLANG_WARN_ENUM_CONVERSION = YES;
				CLANG_WARN_INT_CONVERSION = YES;
				GCC_WARN_64_TO_32_BIT_CONVERSION = YES;
				PRODUCT_NAME = "$(TARGET_NAME)";
			};
			name = Release;
		};
		EF08C3AA1F7A0892002848CA /* Debug */ = {
			isa = XCBuildConfiguration;
			buildSettings = {
				CLANG_WARN_BOOL_CONVERSION = YES;
				CLANG_WARN_CONSTANT_CONVERSION = YES;
				CLANG_WARN_ENUM_CONVERSION = YES;
				CLANG_WARN_INT_CONVERSION = YES;
				GCC_WARN_64_TO_32_BIT_CONVERSION = YES;
				PRODUCT_NAME = "$(TARGET_NAME)";
			};
			name = Debug;
		};
		EF08C3AB1F7A0892002848CA /* Release */ = {
			isa = XCBuildConfiguration;
			buildSettings = {
				CLANG_WARN_BOOL_CONVERSION = YES;
				CLANG_WARN_CONSTANT_CONVERSION = YES;
				CLANG_WARN_ENUM_CONVERSION = YES;
				CLANG_WARN_INT_CONVERSION = YES;
				GCC_WARN_64_TO_32_BIT_CONVERSION = YES;
				PRODUCT_NAME = "$(TARGET_NAME)";
			};
			name = Release;
		};
		EF08C3B51F7A1E97002848CA /* Debug */ = {
			isa = XCBuildConfiguration;
			buildSettings = {
				CLANG_WARN_BOOL_CONVERSION = YES;
				CLANG_WARN_CONSTANT_CONVERSION = YES;
				CLANG_WARN_ENUM_CONVERSION = YES;
				CLANG_WARN_INT_CONVERSION = YES;
				GCC_WARN_64_TO_32_BIT_CONVERSION = YES;
				PRODUCT_NAME = "$(TARGET_NAME)";
			};
			name = Debug;
		};
		EF08C3B61F7A1E97002848CA /* Release */ = {
			isa = XCBuildConfiguration;
			buildSettings = {
				CLANG_WARN_BOOL_CONVERSION = YES;
				CLANG_WARN_CONSTANT_CONVERSION = YES;
				CLANG_WARN_ENUM_CONVERSION = YES;
				CLANG_WARN_INT_CONVERSION = YES;
				GCC_WARN_64_TO_32_BIT_CONVERSION = YES;
				PRODUCT_NAME = "$(TARGET_NAME)";
			};
			name = Release;
		};
		EF08C3C01F7A2A44002848CA /* Debug */ = {
			isa = XCBuildConfiguration;
			buildSettings = {
				CLANG_WARN_BOOL_CONVERSION = YES;
				CLANG_WARN_CONSTANT_CONVERSION = YES;
				CLANG_WARN_ENUM_CONVERSION = YES;
				CLANG_WARN_INT_CONVERSION = YES;
				GCC_WARN_64_TO_32_BIT_CONVERSION = YES;
				PRODUCT_NAME = "$(TARGET_NAME)";
			};
			name = Debug;
		};
		EF08C3C11F7A2A44002848CA /* Release */ = {
			isa = XCBuildConfiguration;
			buildSettings = {
				CLANG_WARN_BOOL_CONVERSION = YES;
				CLANG_WARN_CONSTANT_CONVERSION = YES;
				CLANG_WARN_ENUM_CONVERSION = YES;
				CLANG_WARN_INT_CONVERSION = YES;
				GCC_WARN_64_TO_32_BIT_CONVERSION = YES;
				PRODUCT_NAME = "$(TARGET_NAME)";
			};
			name = Release;
		};
		EF08C3CB1F7A2E1A002848CA /* Debug */ = {
			isa = XCBuildConfiguration;
			buildSettings = {
				CLANG_WARN_BOOL_CONVERSION = YES;
				CLANG_WARN_CONSTANT_CONVERSION = YES;
				CLANG_WARN_ENUM_CONVERSION = YES;
				CLANG_WARN_INT_CONVERSION = YES;
				GCC_WARN_64_TO_32_BIT_CONVERSION = YES;
				PRODUCT_NAME = "$(TARGET_NAME)";
			};
			name = Debug;
		};
		EF08C3CC1F7A2E1A002848CA /* Release */ = {
			isa = XCBuildConfiguration;
			buildSettings = {
				CLANG_WARN_BOOL_CONVERSION = YES;
				CLANG_WARN_CONSTANT_CONVERSION = YES;
				CLANG_WARN_ENUM_CONVERSION = YES;
				CLANG_WARN_INT_CONVERSION = YES;
				GCC_WARN_64_TO_32_BIT_CONVERSION = YES;
				PRODUCT_NAME = "$(TARGET_NAME)";
			};
			name = Release;
		};
		EF08C3D61F7A4D64002848CA /* Debug */ = {
			isa = XCBuildConfiguration;
			buildSettings = {
				CLANG_WARN_BOOL_CONVERSION = YES;
				CLANG_WARN_CONSTANT_CONVERSION = YES;
				CLANG_WARN_ENUM_CONVERSION = YES;
				CLANG_WARN_INT_CONVERSION = YES;
				GCC_WARN_64_TO_32_BIT_CONVERSION = YES;
				PRODUCT_NAME = "$(TARGET_NAME)";
			};
			name = Debug;
		};
		EF08C3D71F7A4D64002848CA /* Release */ = {
			isa = XCBuildConfiguration;
			buildSettings = {
				CLANG_WARN_BOOL_CONVERSION = YES;
				CLANG_WARN_CONSTANT_CONVERSION = YES;
				CLANG_WARN_ENUM_CONVERSION = YES;
				CLANG_WARN_INT_CONVERSION = YES;
				GCC_WARN_64_TO_32_BIT_CONVERSION = YES;
				PRODUCT_NAME = "$(TARGET_NAME)";
			};
			name = Release;
		};
		EF08C3E11F7A790B002848CA /* Debug */ = {
			isa = XCBuildConfiguration;
			buildSettings = {
				CLANG_WARN_BOOL_CONVERSION = YES;
				CLANG_WARN_CONSTANT_CONVERSION = YES;
				CLANG_WARN_ENUM_CONVERSION = YES;
				CLANG_WARN_INT_CONVERSION = YES;
				GCC_WARN_64_TO_32_BIT_CONVERSION = YES;
				PRODUCT_NAME = "$(TARGET_NAME)";
			};
			name = Debug;
		};
		EF08C3E21F7A790B002848CA /* Release */ = {
			isa = XCBuildConfiguration;
			buildSettings = {
				CLANG_WARN_BOOL_CONVERSION = YES;
				CLANG_WARN_CONSTANT_CONVERSION = YES;
				CLANG_WARN_ENUM_CONVERSION = YES;
				CLANG_WARN_INT_CONVERSION = YES;
				GCC_WARN_64_TO_32_BIT_CONVERSION = YES;
				PRODUCT_NAME = "$(TARGET_NAME)";
			};
			name = Release;
		};
		EF08C3EC1F7B51F9002848CA /* Debug */ = {
			isa = XCBuildConfiguration;
			buildSettings = {
				CLANG_WARN_BOOL_CONVERSION = YES;
				CLANG_WARN_CONSTANT_CONVERSION = YES;
				CLANG_WARN_ENUM_CONVERSION = YES;
				CLANG_WARN_INT_CONVERSION = YES;
				GCC_WARN_64_TO_32_BIT_CONVERSION = YES;
				PRODUCT_NAME = "$(TARGET_NAME)";
			};
			name = Debug;
		};
		EF08C3ED1F7B51F9002848CA /* Release */ = {
			isa = XCBuildConfiguration;
			buildSettings = {
				CLANG_WARN_BOOL_CONVERSION = YES;
				CLANG_WARN_CONSTANT_CONVERSION = YES;
				CLANG_WARN_ENUM_CONVERSION = YES;
				CLANG_WARN_INT_CONVERSION = YES;
				GCC_WARN_64_TO_32_BIT_CONVERSION = YES;
				PRODUCT_NAME = "$(TARGET_NAME)";
			};
			name = Release;
		};
		EF08C3F71F7B5AFA002848CA /* Debug */ = {
			isa = XCBuildConfiguration;
			buildSettings = {
				CLANG_WARN_BOOL_CONVERSION = YES;
				CLANG_WARN_CONSTANT_CONVERSION = YES;
				CLANG_WARN_ENUM_CONVERSION = YES;
				CLANG_WARN_INT_CONVERSION = YES;
				GCC_TREAT_INCOMPATIBLE_POINTER_TYPE_WARNINGS_AS_ERRORS = NO;
				GCC_WARN_64_TO_32_BIT_CONVERSION = YES;
				PRODUCT_NAME = "$(TARGET_NAME)";
			};
			name = Debug;
		};
		EF08C3F81F7B5AFA002848CA /* Release */ = {
			isa = XCBuildConfiguration;
			buildSettings = {
				CLANG_WARN_BOOL_CONVERSION = YES;
				CLANG_WARN_CONSTANT_CONVERSION = YES;
				CLANG_WARN_ENUM_CONVERSION = YES;
				CLANG_WARN_INT_CONVERSION = YES;
				GCC_TREAT_INCOMPATIBLE_POINTER_TYPE_WARNINGS_AS_ERRORS = NO;
				GCC_WARN_64_TO_32_BIT_CONVERSION = YES;
				PRODUCT_NAME = "$(TARGET_NAME)";
			};
			name = Release;
		};
		EF4643F41EC1B68800A492C0 /* Debug */ = {
			isa = XCBuildConfiguration;
			buildSettings = {
				PRODUCT_NAME = "$(TARGET_NAME)";
			};
			name = Debug;
		};
		EF4643F51EC1B68800A492C0 /* Release */ = {
			isa = XCBuildConfiguration;
			buildSettings = {
				PRODUCT_NAME = "$(TARGET_NAME)";
			};
			name = Release;
		};
		EF4643FE1F4D43E900A492C0 /* Debug */ = {
			isa = XCBuildConfiguration;
			buildSettings = {
				PRODUCT_NAME = "$(TARGET_NAME)";
			};
			name = Debug;
		};
		EF4643FF1F4D43E900A492C0 /* Release */ = {
			isa = XCBuildConfiguration;
			buildSettings = {
				PRODUCT_NAME = "$(TARGET_NAME)";
			};
			name = Release;
		};
		EF4EB8B21F795B570001805E /* Debug */ = {
			isa = XCBuildConfiguration;
			buildSettings = {
				CLANG_WARN_BOOL_CONVERSION = YES;
				CLANG_WARN_CONSTANT_CONVERSION = YES;
				CLANG_WARN_ENUM_CONVERSION = YES;
				CLANG_WARN_INT_CONVERSION = YES;
				GCC_WARN_64_TO_32_BIT_CONVERSION = YES;
				PRODUCT_NAME = "$(TARGET_NAME)";
			};
			name = Debug;
		};
		EF4EB8B31F795B570001805E /* Release */ = {
			isa = XCBuildConfiguration;
			buildSettings = {
				CLANG_WARN_BOOL_CONVERSION = YES;
				CLANG_WARN_CONSTANT_CONVERSION = YES;
				CLANG_WARN_ENUM_CONVERSION = YES;
				CLANG_WARN_INT_CONVERSION = YES;
				GCC_WARN_64_TO_32_BIT_CONVERSION = YES;
				PRODUCT_NAME = "$(TARGET_NAME)";
			};
			name = Release;
		};
		EF4EB8BD1F79FA370001805E /* Debug */ = {
			isa = XCBuildConfiguration;
			buildSettings = {
				CLANG_WARN_BOOL_CONVERSION = YES;
				CLANG_WARN_CONSTANT_CONVERSION = YES;
				CLANG_WARN_ENUM_CONVERSION = YES;
				CLANG_WARN_INT_CONVERSION = YES;
				GCC_WARN_64_TO_32_BIT_CONVERSION = YES;
				PRODUCT_NAME = "$(TARGET_NAME)";
			};
			name = Debug;
		};
		EF4EB8BE1F79FA370001805E /* Release */ = {
			isa = XCBuildConfiguration;
			buildSettings = {
				CLANG_WARN_BOOL_CONVERSION = YES;
				CLANG_WARN_CONSTANT_CONVERSION = YES;
				CLANG_WARN_ENUM_CONVERSION = YES;
				CLANG_WARN_INT_CONVERSION = YES;
				GCC_WARN_64_TO_32_BIT_CONVERSION = YES;
				PRODUCT_NAME = "$(TARGET_NAME)";
			};
			name = Release;
		};
		EF9F2EE01F7D2EEF004C54A5 /* Debug */ = {
			isa = XCBuildConfiguration;
			buildSettings = {
				PRODUCT_NAME = "$(TARGET_NAME)";
			};
			name = Debug;
		};
		EF9F2EE11F7D2EEF004C54A5 /* Release */ = {
			isa = XCBuildConfiguration;
			buildSettings = {
				PRODUCT_NAME = "$(TARGET_NAME)";
			};
			name = Release;
		};
		EF9F2EEB1F7DF2F7004C54A5 /* Debug */ = {
			isa = XCBuildConfiguration;
			buildSettings = {
				PRODUCT_NAME = "$(TARGET_NAME)";
			};
			name = Debug;
		};
		EF9F2EEC1F7DF2F7004C54A5 /* Release */ = {
			isa = XCBuildConfiguration;
			buildSettings = {
				PRODUCT_NAME = "$(TARGET_NAME)";
			};
			name = Release;
		};
		EF9F2EF61F7E68F7004C54A5 /* Debug */ = {
			isa = XCBuildConfiguration;
			buildSettings = {
				PRODUCT_NAME = "$(TARGET_NAME)";
			};
			name = Debug;
		};
		EF9F2EF71F7E68F7004C54A5 /* Release */ = {
			isa = XCBuildConfiguration;
			buildSettings = {
				PRODUCT_NAME = "$(TARGET_NAME)";
			};
			name = Release;
		};
		EF9F2F011F80CADB004C54A5 /* Debug */ = {
			isa = XCBuildConfiguration;
			buildSettings = {
				PRODUCT_NAME = "$(TARGET_NAME)";
			};
			name = Debug;
		};
		EF9F2F021F80CADB004C54A5 /* Release */ = {
			isa = XCBuildConfiguration;
			buildSettings = {
				PRODUCT_NAME = "$(TARGET_NAME)";
			};
			name = Release;
		};
		EF9F2F0C1F847572004C54A5 /* Debug */ = {
			isa = XCBuildConfiguration;
			buildSettings = {
				PRODUCT_NAME = "$(TARGET_NAME)";
			};
			name = Debug;
		};
		EF9F2F0D1F847572004C54A5 /* Release */ = {
			isa = XCBuildConfiguration;
			buildSettings = {
				PRODUCT_NAME = "$(TARGET_NAME)";
			};
			name = Release;
		};
		EFA486A11EB7572B00D744B3 /* Debug */ = {
			isa = XCBuildConfiguration;
			buildSettings = {
				PRODUCT_NAME = "$(TARGET_NAME)";
			};
			name = Debug;
		};
		EFA486A21EB7572B00D744B3 /* Release */ = {
			isa = XCBuildConfiguration;
			buildSettings = {
				PRODUCT_NAME = "$(TARGET_NAME)";
			};
			name = Release;
		};
		EFA486AD1EB775FE00D744B3 /* Debug */ = {
			isa = XCBuildConfiguration;
			buildSettings = {
				PRODUCT_NAME = "$(TARGET_NAME)";
			};
			name = Debug;
		};
		EFA486AE1EB775FE00D744B3 /* Release */ = {
			isa = XCBuildConfiguration;
			buildSettings = {
				PRODUCT_NAME = "$(TARGET_NAME)";
			};
			name = Release;
		};
		EFA486E11EBC464A00D744B3 /* Debug */ = {
			isa = XCBuildConfiguration;
			buildSettings = {
				PRODUCT_NAME = "$(TARGET_NAME)";
			};
			name = Debug;
		};
		EFA486E21EBC464A00D744B3 /* Release */ = {
			isa = XCBuildConfiguration;
			buildSettings = {
				PRODUCT_NAME = "$(TARGET_NAME)";
			};
			name = Release;
		};
		EFA486EC1EBC9B8000D744B3 /* Debug */ = {
			isa = XCBuildConfiguration;
			buildSettings = {
				PRODUCT_NAME = "$(TARGET_NAME)";
			};
			name = Debug;
		};
		EFA486ED1EBC9B8000D744B3 /* Release */ = {
			isa = XCBuildConfiguration;
			buildSettings = {
				PRODUCT_NAME = "$(TARGET_NAME)";
			};
			name = Release;
		};
		EFE2D3821EB515EB00407470 /* Debug */ = {
			isa = XCBuildConfiguration;
			buildSettings = {
				ALWAYS_SEARCH_USER_PATHS = NO;
				CLANG_ANALYZER_NONNULL = YES;
				CLANG_CXX_LANGUAGE_STANDARD = "gnu++0x";
				CLANG_CXX_LIBRARY = "libc++";
				CLANG_ENABLE_MODULES = YES;
				CLANG_ENABLE_OBJC_ARC = YES;
				CLANG_WARN_BOOL_CONVERSION = YES;
				CLANG_WARN_CONSTANT_CONVERSION = YES;
				CLANG_WARN_DIRECT_OBJC_ISA_USAGE = YES_ERROR;
				CLANG_WARN_EMPTY_BODY = YES;
				CLANG_WARN_ENUM_CONVERSION = YES;
				CLANG_WARN_INT_CONVERSION = YES;
				CLANG_WARN_OBJC_ROOT_CLASS = YES_ERROR;
				CLANG_WARN_UNREACHABLE_CODE = YES;
				CLANG_WARN__DUPLICATE_METHOD_MATCH = YES;
				CODE_SIGN_IDENTITY = "-";
				COPY_PHASE_STRIP = NO;
				DEBUG_INFORMATION_FORMAT = dwarf;
				ENABLE_STRICT_OBJC_MSGSEND = YES;
				ENABLE_TESTABILITY = YES;
				GCC_C_LANGUAGE_STANDARD = gnu99;
				GCC_DYNAMIC_NO_PIC = NO;
				GCC_INLINES_ARE_PRIVATE_EXTERN = YES;
				GCC_NO_COMMON_BLOCKS = YES;
				GCC_OPTIMIZATION_LEVEL = 0;
				GCC_PREPROCESSOR_DEFINITIONS = (
					"DEBUG=1",
					"$(inherited)",
				);
				GCC_SYMBOLS_PRIVATE_EXTERN = YES;
				GCC_TREAT_INCOMPATIBLE_POINTER_TYPE_WARNINGS_AS_ERRORS = YES;
				GCC_TREAT_WARNINGS_AS_ERRORS = NO;
				GCC_WARN_64_TO_32_BIT_CONVERSION = YES;
				GCC_WARN_ABOUT_RETURN_TYPE = YES_ERROR;
				GCC_WARN_INHIBIT_ALL_WARNINGS = NO;
				GCC_WARN_PEDANTIC = NO;
				GCC_WARN_UNDECLARED_SELECTOR = YES;
				GCC_WARN_UNINITIALIZED_AUTOS = YES_AGGRESSIVE;
				GCC_WARN_UNUSED_FUNCTION = YES;
				GCC_WARN_UNUSED_VARIABLE = YES;
				MACOSX_DEPLOYMENT_TARGET = 10.11;
				MTL_ENABLE_DEBUG_INFO = YES;
				ONLY_ACTIVE_ARCH = YES;
				SDKROOT = macosx;
			};
			name = Debug;
		};
		EFE2D3831EB515EB00407470 /* Release */ = {
			isa = XCBuildConfiguration;
			buildSettings = {
				ALWAYS_SEARCH_USER_PATHS = NO;
				CLANG_ANALYZER_NONNULL = YES;
				CLANG_CXX_LANGUAGE_STANDARD = "gnu++0x";
				CLANG_CXX_LIBRARY = "libc++";
				CLANG_ENABLE_MODULES = YES;
				CLANG_ENABLE_OBJC_ARC = YES;
				CLANG_WARN_BOOL_CONVERSION = YES;
				CLANG_WARN_CONSTANT_CONVERSION = YES;
				CLANG_WARN_DIRECT_OBJC_ISA_USAGE = YES_ERROR;
				CLANG_WARN_EMPTY_BODY = YES;
				CLANG_WARN_ENUM_CONVERSION = YES;
				CLANG_WARN_INT_CONVERSION = YES;
				CLANG_WARN_OBJC_ROOT_CLASS = YES_ERROR;
				CLANG_WARN_UNREACHABLE_CODE = YES;
				CLANG_WARN__DUPLICATE_METHOD_MATCH = YES;
				CODE_SIGN_IDENTITY = "-";
				COPY_PHASE_STRIP = NO;
				DEBUG_INFORMATION_FORMAT = "dwarf-with-dsym";
				ENABLE_NS_ASSERTIONS = NO;
				ENABLE_STRICT_OBJC_MSGSEND = YES;
				GCC_C_LANGUAGE_STANDARD = gnu99;
				GCC_INLINES_ARE_PRIVATE_EXTERN = YES;
				GCC_NO_COMMON_BLOCKS = YES;
				GCC_SYMBOLS_PRIVATE_EXTERN = YES;
				GCC_TREAT_INCOMPATIBLE_POINTER_TYPE_WARNINGS_AS_ERRORS = YES;
				GCC_TREAT_WARNINGS_AS_ERRORS = NO;
				GCC_WARN_64_TO_32_BIT_CONVERSION = YES;
				GCC_WARN_ABOUT_RETURN_TYPE = YES_ERROR;
				GCC_WARN_INHIBIT_ALL_WARNINGS = NO;
				GCC_WARN_PEDANTIC = NO;
				GCC_WARN_UNDECLARED_SELECTOR = YES;
				GCC_WARN_UNINITIALIZED_AUTOS = YES_AGGRESSIVE;
				GCC_WARN_UNUSED_FUNCTION = YES;
				GCC_WARN_UNUSED_VARIABLE = YES;
				MACOSX_DEPLOYMENT_TARGET = 10.11;
				MTL_ENABLE_DEBUG_INFO = NO;
				SDKROOT = macosx;
			};
			name = Release;
		};
		EFE2D3901EB5166E00407470 /* Debug */ = {
			isa = XCBuildConfiguration;
			buildSettings = {
				PRODUCT_NAME = "$(TARGET_NAME)";
			};
			name = Debug;
		};
		EFE2D3911EB5166E00407470 /* Release */ = {
			isa = XCBuildConfiguration;
			buildSettings = {
				PRODUCT_NAME = "$(TARGET_NAME)";
			};
			name = Release;
		};
		EFE2D39B1EB5E6BC00407470 /* Debug */ = {
			isa = XCBuildConfiguration;
			buildSettings = {
				PRODUCT_NAME = "$(TARGET_NAME)";
			};
			name = Debug;
		};
		EFE2D39C1EB5E6BC00407470 /* Release */ = {
			isa = XCBuildConfiguration;
			buildSettings = {
				PRODUCT_NAME = "$(TARGET_NAME)";
			};
			name = Release;
		};
		EFE2D3A61EB60AF900407470 /* Debug */ = {
			isa = XCBuildConfiguration;
			buildSettings = {
				PRODUCT_NAME = "$(TARGET_NAME)";
			};
			name = Debug;
		};
		EFE2D3A71EB60AF900407470 /* Release */ = {
			isa = XCBuildConfiguration;
			buildSettings = {
				PRODUCT_NAME = "$(TARGET_NAME)";
			};
			name = Release;
		};
		EFE2D3B11EB6291C00407470 /* Debug */ = {
			isa = XCBuildConfiguration;
			buildSettings = {
				PRODUCT_NAME = "$(TARGET_NAME)";
			};
			name = Debug;
		};
		EFE2D3B21EB6291C00407470 /* Release */ = {
			isa = XCBuildConfiguration;
			buildSettings = {
				PRODUCT_NAME = "$(TARGET_NAME)";
			};
			name = Release;
		};
		EFE2D3BC1EB634CA00407470 /* Debug */ = {
			isa = XCBuildConfiguration;
			buildSettings = {
				PRODUCT_NAME = "$(TARGET_NAME)";
			};
			name = Debug;
		};
		EFE2D3BD1EB634CA00407470 /* Release */ = {
			isa = XCBuildConfiguration;
			buildSettings = {
				PRODUCT_NAME = "$(TARGET_NAME)";
			};
			name = Release;
		};
/* End XCBuildConfiguration section */

/* Begin XCConfigurationList section */
		EF08C3A01F79FF6F002848CA /* Build configuration list for PBXNativeTarget "Distance1" */ = {
			isa = XCConfigurationList;
			buildConfigurations = (
				EF08C39E1F79FF6F002848CA /* Debug */,
				EF08C39F1F79FF6F002848CA /* Release */,
			);
			defaultConfigurationIsVisible = 0;
			defaultConfigurationName = Release;
		};
		EF08C3A91F7A0892002848CA /* Build configuration list for PBXNativeTarget "Distance2" */ = {
			isa = XCConfigurationList;
			buildConfigurations = (
				EF08C3AA1F7A0892002848CA /* Debug */,
				EF08C3AB1F7A0892002848CA /* Release */,
			);
			defaultConfigurationIsVisible = 0;
			defaultConfigurationName = Release;
		};
		EF08C3B41F7A1E97002848CA /* Build configuration list for PBXNativeTarget "Distance3" */ = {
			isa = XCConfigurationList;
			buildConfigurations = (
				EF08C3B51F7A1E97002848CA /* Debug */,
				EF08C3B61F7A1E97002848CA /* Release */,
			);
			defaultConfigurationIsVisible = 0;
			defaultConfigurationName = Release;
		};
		EF08C3BF1F7A2A44002848CA /* Build configuration list for PBXNativeTarget "Ctor1" */ = {
			isa = XCConfigurationList;
			buildConfigurations = (
				EF08C3C01F7A2A44002848CA /* Debug */,
				EF08C3C11F7A2A44002848CA /* Release */,
			);
			defaultConfigurationIsVisible = 0;
			defaultConfigurationName = Release;
		};
		EF08C3CA1F7A2E1A002848CA /* Build configuration list for PBXNativeTarget "Ctor2" */ = {
			isa = XCConfigurationList;
			buildConfigurations = (
				EF08C3CB1F7A2E1A002848CA /* Debug */,
				EF08C3CC1F7A2E1A002848CA /* Release */,
			);
			defaultConfigurationIsVisible = 0;
			defaultConfigurationName = Release;
		};
		EF08C3D51F7A4D64002848CA /* Build configuration list for PBXNativeTarget "Dtor1" */ = {
			isa = XCConfigurationList;
			buildConfigurations = (
				EF08C3D61F7A4D64002848CA /* Debug */,
				EF08C3D71F7A4D64002848CA /* Release */,
			);
			defaultConfigurationIsVisible = 0;
			defaultConfigurationName = Release;
		};
		EF08C3E01F7A790B002848CA /* Build configuration list for PBXNativeTarget "ObjAsFuncArg1" */ = {
			isa = XCConfigurationList;
			buildConfigurations = (
				EF08C3E11F7A790B002848CA /* Debug */,
				EF08C3E21F7A790B002848CA /* Release */,
			);
			defaultConfigurationIsVisible = 0;
			defaultConfigurationName = Release;
		};
		EF08C3EB1F7B51F9002848CA /* Build configuration list for PBXNativeTarget "DefCopyCtor" */ = {
			isa = XCConfigurationList;
			buildConfigurations = (
				EF08C3EC1F7B51F9002848CA /* Debug */,
				EF08C3ED1F7B51F9002848CA /* Release */,
			);
			defaultConfigurationIsVisible = 0;
			defaultConfigurationName = Release;
		};
		EF08C3F61F7B5AFA002848CA /* Build configuration list for PBXNativeTarget "ReturnObj" */ = {
			isa = XCConfigurationList;
			buildConfigurations = (
				EF08C3F71F7B5AFA002848CA /* Debug */,
				EF08C3F81F7B5AFA002848CA /* Release */,
			);
			defaultConfigurationIsVisible = 0;
			defaultConfigurationName = Release;
		};
		EF4643F31EC1B68800A492C0 /* Build configuration list for PBXNativeTarget "SignedUnsigned" */ = {
			isa = XCConfigurationList;
			buildConfigurations = (
				EF4643F41EC1B68800A492C0 /* Debug */,
				EF4643F51EC1B68800A492C0 /* Release */,
			);
			defaultConfigurationIsVisible = 0;
			defaultConfigurationName = Release;
		};
		EF4644001F4D43E900A492C0 /* Build configuration list for PBXNativeTarget "StaticCast" */ = {
			isa = XCConfigurationList;
			buildConfigurations = (
				EF4643FE1F4D43E900A492C0 /* Debug */,
				EF4643FF1F4D43E900A492C0 /* Release */,
			);
			defaultConfigurationIsVisible = 0;
			defaultConfigurationName = Release;
		};
		EF4EB8B11F795B570001805E /* Build configuration list for PBXNativeTarget "SimpleClass1" */ = {
			isa = XCConfigurationList;
			buildConfigurations = (
				EF4EB8B21F795B570001805E /* Debug */,
				EF4EB8B31F795B570001805E /* Release */,
			);
			defaultConfigurationIsVisible = 0;
			defaultConfigurationName = Release;
		};
		EF4EB8BC1F79FA370001805E /* Build configuration list for PBXNativeTarget "Circles" */ = {
			isa = XCConfigurationList;
			buildConfigurations = (
				EF4EB8BD1F79FA370001805E /* Debug */,
				EF4EB8BE1F79FA370001805E /* Release */,
			);
			defaultConfigurationIsVisible = 0;
			defaultConfigurationName = Release;
		};
		EF9F2EDF1F7D2EEF004C54A5 /* Build configuration list for PBXNativeTarget "StaticData1" */ = {
			isa = XCConfigurationList;
			buildConfigurations = (
				EF9F2EE01F7D2EEF004C54A5 /* Debug */,
				EF9F2EE11F7D2EEF004C54A5 /* Release */,
			);
			defaultConfigurationIsVisible = 0;
		};
		EF9F2EEA1F7DF2F7004C54A5 /* Build configuration list for PBXNativeTarget "ConstMemberFunc" */ = {
			isa = XCConfigurationList;
			buildConfigurations = (
				EF9F2EEB1F7DF2F7004C54A5 /* Debug */,
				EF9F2EEC1F7DF2F7004C54A5 /* Release */,
			);
			defaultConfigurationIsVisible = 0;
		};
		EF9F2EF51F7E68F7004C54A5 /* Build configuration list for PBXNativeTarget "Reference1" */ = {
			isa = XCConfigurationList;
			buildConfigurations = (
				EF9F2EF61F7E68F7004C54A5 /* Debug */,
				EF9F2EF71F7E68F7004C54A5 /* Release */,
			);
			defaultConfigurationIsVisible = 0;
		};
		EF9F2F001F80CADB004C54A5 /* Build configuration list for PBXNativeTarget "ConstObj" */ = {
			isa = XCConfigurationList;
			buildConfigurations = (
				EF9F2F011F80CADB004C54A5 /* Debug */,
				EF9F2F021F80CADB004C54A5 /* Release */,
			);
			defaultConfigurationIsVisible = 0;
		};
		EF9F2F0B1F847572004C54A5 /* Build configuration list for PBXNativeTarget "Structure1" */ = {
			isa = XCConfigurationList;
			buildConfigurations = (
				EF9F2F0C1F847572004C54A5 /* Debug */,
				EF9F2F0D1F847572004C54A5 /* Release */,
			);
			defaultConfigurationIsVisible = 0;
		};
		EFA486A31EB7572B00D744B3 /* Build configuration list for PBXNativeTarget "ParserMix" */ = {
			isa = XCConfigurationList;
			buildConfigurations = (
				EFA486A11EB7572B00D744B3 /* Debug */,
				EFA486A21EB7572B00D744B3 /* Release */,
			);
			defaultConfigurationIsVisible = 0;
			defaultConfigurationName = Release;
		};
		EFA486AC1EB775FE00D744B3 /* Build configuration list for PBXNativeTarget "Parser" */ = {
			isa = XCConfigurationList;
			buildConfigurations = (
				EFA486AD1EB775FE00D744B3 /* Debug */,
				EFA486AE1EB775FE00D744B3 /* Release */,
			);
			defaultConfigurationIsVisible = 0;
			defaultConfigurationName = Release;
		};
		EFA486E01EBC464A00D744B3 /* Build configuration list for PBXNativeTarget "ParserStack" */ = {
			isa = XCConfigurationList;
			buildConfigurations = (
				EFA486E11EBC464A00D744B3 /* Debug */,
				EFA486E21EBC464A00D744B3 /* Release */,
			);
			defaultConfigurationIsVisible = 0;
			defaultConfigurationName = Release;
		};
		EFA486EB1EBC9B8000D744B3 /* Build configuration list for PBXNativeTarget "Stack" */ = {
			isa = XCConfigurationList;
			buildConfigurations = (
				EFA486EC1EBC9B8000D744B3 /* Debug */,
				EFA486ED1EBC9B8000D744B3 /* Release */,
			);
			defaultConfigurationIsVisible = 0;
			defaultConfigurationName = Release;
		};
		EFE2D3781EB515EB00407470 /* Build configuration list for PBXProject "MasterC++" */ = {
			isa = XCConfigurationList;
			buildConfigurations = (
				EFE2D3821EB515EB00407470 /* Debug */,
				EFE2D3831EB515EB00407470 /* Release */,
			);
			defaultConfigurationIsVisible = 0;
			defaultConfigurationName = Release;
		};
		EFE2D38F1EB5166E00407470 /* Build configuration list for PBXNativeTarget "Linked List" */ = {
			isa = XCConfigurationList;
			buildConfigurations = (
				EFE2D3901EB5166E00407470 /* Debug */,
				EFE2D3911EB5166E00407470 /* Release */,
			);
			defaultConfigurationIsVisible = 0;
			defaultConfigurationName = Release;
		};
		EFE2D39A1EB5E6BC00407470 /* Build configuration list for PBXNativeTarget "HorseRace" */ = {
			isa = XCConfigurationList;
			buildConfigurations = (
				EFE2D39B1EB5E6BC00407470 /* Debug */,
				EFE2D39C1EB5E6BC00407470 /* Release */,
			);
			defaultConfigurationIsVisible = 0;
			defaultConfigurationName = Release;
		};
		EFE2D3A51EB60AF900407470 /* Build configuration list for PBXNativeTarget "PersonSort" */ = {
			isa = XCConfigurationList;
			buildConfigurations = (
				EFE2D3A61EB60AF900407470 /* Debug */,
				EFE2D3A71EB60AF900407470 /* Release */,
			);
			defaultConfigurationIsVisible = 0;
			defaultConfigurationName = Release;
		};
		EFE2D3B01EB6291C00407470 /* Build configuration list for PBXNativeTarget "PointerToPointer" */ = {
			isa = XCConfigurationList;
			buildConfigurations = (
				EFE2D3B11EB6291C00407470 /* Debug */,
				EFE2D3B21EB6291C00407470 /* Release */,
			);
			defaultConfigurationIsVisible = 0;
			defaultConfigurationName = Release;
		};
		EFE2D3BB1EB634CA00407470 /* Build configuration list for PBXNativeTarget "NickGenerator" */ = {
			isa = XCConfigurationList;
			buildConfigurations = (
				EFE2D3BC1EB634CA00407470 /* Debug */,
				EFE2D3BD1EB634CA00407470 /* Release */,
			);
			defaultConfigurationIsVisible = 0;
			defaultConfigurationName = Release;
		};
/* End XCConfigurationList section */
	};
	rootObject = EFE2D3751EB515EB00407470 /* Project object */;
}
